// !$*UTF8*$!
{
	archiveVersion = 1;
	classes = {
	};
	objectVersion = 56;
	objects = {

/* Begin PBXBuildFile section */
		D60480D82B122CDA00D6D70D /* ChartPeriodServiceTests.swift in Sources */ = {isa = PBXBuildFile; fileRef = D60480D72B122CDA00D6D70D /* ChartPeriodServiceTests.swift */; };
		D60480DA2B122D3F00D6D70D /* ChartPeriodService.swift in Sources */ = {isa = PBXBuildFile; fileRef = D60480D92B122D3F00D6D70D /* ChartPeriodService.swift */; };
		D60594DC2AA7A2C400B8B264 /* SettingsViewScreen.swift in Sources */ = {isa = PBXBuildFile; fileRef = D60594DB2AA7A2C400B8B264 /* SettingsViewScreen.swift */; };
		D60D21F22AA30F310055BE34 /* HomeViewScreen.swift in Sources */ = {isa = PBXBuildFile; fileRef = D60D21F12AA30F310055BE34 /* HomeViewScreen.swift */; };
		D60D21F32AA330BC0055BE34 /* ScreenIdentifier.swift in Sources */ = {isa = PBXBuildFile; fileRef = D6D906AD2AA0BEDE004E09C9 /* ScreenIdentifier.swift */; };
		D60D21F52AA357BA0055BE34 /* OnboardingViewScreen.swift in Sources */ = {isa = PBXBuildFile; fileRef = D60D21F42AA357BA0055BE34 /* OnboardingViewScreen.swift */; };
		D60EB9B62AB0D7000053136A /* Container.swift in Sources */ = {isa = PBXBuildFile; fileRef = D60EB9B52AB0D7000053136A /* Container.swift */; };
		D61007492AAB867C00503C28 /* HistoryViewScreen.swift in Sources */ = {isa = PBXBuildFile; fileRef = D61007482AAB867C00503C28 /* HistoryViewScreen.swift */; };
		D610074B2AAB8BC800503C28 /* HistoryViewUITests.swift in Sources */ = {isa = PBXBuildFile; fileRef = D610074A2AAB8BC800503C28 /* HistoryViewUITests.swift */; };
		D610074D2AAC77F300503C28 /* EditSheetScreen.swift in Sources */ = {isa = PBXBuildFile; fileRef = D610074C2AAC77F300503C28 /* EditSheetScreen.swift */; };
		D617D43D2B4987480069AA3B /* GrossSalary.swift in Sources */ = {isa = PBXBuildFile; fileRef = D617D43C2B4987480069AA3B /* GrossSalary.swift */; };
		D61945EC29E7306B0046DE1F /* HomeViewModelTests.swift in Sources */ = {isa = PBXBuildFile; fileRef = D61945EB29E7306B0046DE1F /* HomeViewModelTests.swift */; };
		D61945F029E735D80046DE1F /* MockTimer.swift in Sources */ = {isa = PBXBuildFile; fileRef = D61945EF29E735D80046DE1F /* MockTimer.swift */; };
		D61F11312AB38F8700902D6D /* SettingsStore.swift in Sources */ = {isa = PBXBuildFile; fileRef = D61F11302AB38F8700902D6D /* SettingsStore.swift */; };
		D61F11342AB3A6FF00902D6D /* ColorScheme+Extension.swift in Sources */ = {isa = PBXBuildFile; fileRef = D61F11332AB3A6FF00902D6D /* ColorScheme+Extension.swift */; };
		D621C0CA2B3B79850065DF8C /* CircleButton.swift in Sources */ = {isa = PBXBuildFile; fileRef = D621C0C92B3B79850065DF8C /* CircleButton.swift */; };
		D621C0CC2B3B8BE40065DF8C /* TimerIndicator.swift in Sources */ = {isa = PBXBuildFile; fileRef = D621C0CB2B3B8BE40065DF8C /* TimerIndicator.swift */; };
		D629CEF92B3613660036579D /* TimerService.swift in Sources */ = {isa = PBXBuildFile; fileRef = D629CEF82B3613660036579D /* TimerService.swift */; };
		D629CEFB2B363B500036579D /* TimerServiceTests.swift in Sources */ = {isa = PBXBuildFile; fileRef = D629CEFA2B363B500036579D /* TimerServiceTests.swift */; };
		D630A53F2B473A320098CA86 /* LaunchScreen.storyboard in Resources */ = {isa = PBXBuildFile; fileRef = D630A53E2B473A320098CA86 /* LaunchScreen.storyboard */; };
		D63719442BCDC060006536DA /* ContainerProtocol.swift in Sources */ = {isa = PBXBuildFile; fileRef = D63719432BCDC060006536DA /* ContainerProtocol.swift */; };
		D63719462BCE5B5C006536DA /* PreviewContainer.swift in Sources */ = {isa = PBXBuildFile; fileRef = D63719452BCE5B5C006536DA /* PreviewContainer.swift */; };
		D63719482BCE5C26006536DA /* TestContainer.swift in Sources */ = {isa = PBXBuildFile; fileRef = D63719472BCE5C26006536DA /* TestContainer.swift */; };
		D63753AE2B45DA2000386482 /* TextFieldStyle+Extension.swift in Sources */ = {isa = PBXBuildFile; fileRef = D63753AD2B45DA2000386482 /* TextFieldStyle+Extension.swift */; };
		D63753B02B45DA5000386482 /* GreenBorderTextFieldStyle.swift in Sources */ = {isa = PBXBuildFile; fileRef = D63753AF2B45DA5000386482 /* GreenBorderTextFieldStyle.swift */; };
		D64313B82B1E606B003B5DBC /* PreviewDataFactory.swift in Sources */ = {isa = PBXBuildFile; fileRef = D64313B72B1E606B003B5DBC /* PreviewDataFactory.swift */; };
		D64574B029D9E6A000207168 /* DataManager.swift in Sources */ = {isa = PBXBuildFile; fileRef = D64574AF29D9E6A000207168 /* DataManager.swift */; };
		D64574B329D9F16900207168 /* EntryMO+CoreDataClass.swift in Sources */ = {isa = PBXBuildFile; fileRef = D64574B129D9F16900207168 /* EntryMO+CoreDataClass.swift */; };
		D64574B429D9F16900207168 /* EntryMO+CoreDataProperties.swift in Sources */ = {isa = PBXBuildFile; fileRef = D64574B229D9F16900207168 /* EntryMO+CoreDataProperties.swift */; };
		D64574B629D9F37400207168 /* Entry.swift in Sources */ = {isa = PBXBuildFile; fileRef = D64574B529D9F37400207168 /* Entry.swift */; };
		D64766C52AFEBD9D0013AC9A /* ChartLegendView.swift in Sources */ = {isa = PBXBuildFile; fileRef = D64766C42AFEBD9D0013AC9A /* ChartLegendView.swift */; };
		D64E6B112BE6B42000E961B6 /* DataManaging.swift in Sources */ = {isa = PBXBuildFile; fileRef = D64E6B102BE6B42000E961B6 /* DataManaging.swift */; };
		D653FEEC2B320E1600ECFCF2 /* TimeIntervalPicker.swift in Sources */ = {isa = PBXBuildFile; fileRef = D653FEEB2B320E1600ECFCF2 /* TimeIntervalPicker.swift */; };
		D65A976B29F2E6B800462D8C /* StatisticsViewModelTests.swift in Sources */ = {isa = PBXBuildFile; fileRef = D65A976A29F2E6B800462D8C /* StatisticsViewModelTests.swift */; };
		D65A976F29F3BBDD00462D8C /* OnboardingView.swift in Sources */ = {isa = PBXBuildFile; fileRef = D65A976E29F3BBDD00462D8C /* OnboardingView.swift */; };
		D65FD53D29D8B259006CC34F /* PersistanceController.swift in Sources */ = {isa = PBXBuildFile; fileRef = D65FD53C29D8B259006CC34F /* PersistanceController.swift */; };
		D66451062B56FF47003C537B /* ThemeKit.framework in Frameworks */ = {isa = PBXBuildFile; fileRef = D630A53A2B4704EA0098CA86 /* ThemeKit.framework */; };
		D66451072B56FF47003C537B /* ThemeKit.framework in Embed Frameworks */ = {isa = PBXBuildFile; fileRef = D630A53A2B4704EA0098CA86 /* ThemeKit.framework */; settings = {ATTRIBUTES = (CodeSignOnCopy, RemoveHeadersOnCopy, ); }; };
		D666ADCC2AC05A0500B74663 /* CaseIterable+Extension.swift in Sources */ = {isa = PBXBuildFile; fileRef = D666ADCB2AC05A0500B74663 /* CaseIterable+Extension.swift */; };
		D66750EA29D713C900757F17 /* HistoryView.swift in Sources */ = {isa = PBXBuildFile; fileRef = D66750E929D713C900757F17 /* HistoryView.swift */; };
		D66750EC29D71C8300757F17 /* HistoryRowView.swift in Sources */ = {isa = PBXBuildFile; fileRef = D66750EB29D71C8300757F17 /* HistoryRowView.swift */; };
		D66A4DF62B7AA72800D16110 /* ChartType.swift in Sources */ = {isa = PBXBuildFile; fileRef = D66A4DF52B7AA72800D16110 /* ChartType.swift */; };
		D66A4DF82B7AA74F00D16110 /* Period.swift in Sources */ = {isa = PBXBuildFile; fileRef = D66A4DF72B7AA74F00D16110 /* Period.swift */; };
		D66A4DFA2B7AD3B000D16110 /* XCTestCase+Extension.swift in Sources */ = {isa = PBXBuildFile; fileRef = D66A4DF92B7AD3B000D16110 /* XCTestCase+Extension.swift */; };
		D66A4E002B7AD46100D16110 /* Published+Extension.swift in Sources */ = {isa = PBXBuildFile; fileRef = D66A4DFF2B7AD46100D16110 /* Published+Extension.swift */; };
		D67332E62AADB8B1005FFE7F /* LaunchArgument.swift in Sources */ = {isa = PBXBuildFile; fileRef = D67332E52AADB8B1005FFE7F /* LaunchArgument.swift */; };
		D67332E72AADB8B1005FFE7F /* LaunchArgument.swift in Sources */ = {isa = PBXBuildFile; fileRef = D67332E52AADB8B1005FFE7F /* LaunchArgument.swift */; };
		D67332EA2AAE3D3D005FFE7F /* StatisticsUITests.swift in Sources */ = {isa = PBXBuildFile; fileRef = D67332E92AAE3D3D005FFE7F /* StatisticsUITests.swift */; };
		D67633F92BF54E4300D45163 /* TimerModel.swift in Sources */ = {isa = PBXBuildFile; fileRef = D67633F82BF54E4300D45163 /* TimerModel.swift */; };
		D67633FB2BF54F7F00D45163 /* TimerServiceState.swift in Sources */ = {isa = PBXBuildFile; fileRef = D67633FA2BF54F7F00D45163 /* TimerServiceState.swift */; };
		D67633FD2BF5500500D45163 /* TimerServiceEvent.swift in Sources */ = {isa = PBXBuildFile; fileRef = D67633FC2BF5500500D45163 /* TimerServiceEvent.swift */; };
		D67633FF2BF5536600D45163 /* TimerStore.swift in Sources */ = {isa = PBXBuildFile; fileRef = D67633FE2BF5536600D45163 /* TimerStore.swift */; };
		D6799EFC29E1BC0F0080E32A /* HistoryViewModelTests.swift in Sources */ = {isa = PBXBuildFile; fileRef = D6799EFB29E1BC0F0080E32A /* HistoryViewModelTests.swift */; };
		D682AF922B3C77F5004EE208 /* ChartTimeRange.swift in Sources */ = {isa = PBXBuildFile; fileRef = D682AF912B3C77F5004EE208 /* ChartTimeRange.swift */; };
		D682AF942B3D83A2004EE208 /* EntrySummary.swift in Sources */ = {isa = PBXBuildFile; fileRef = D682AF932B3D83A2004EE208 /* EntrySummary.swift */; };
		D68384F929DB25DD00228491 /* SettingViewModel.swift in Sources */ = {isa = PBXBuildFile; fileRef = D68384F829DB25DD00228491 /* SettingViewModel.swift */; };
		D6842EC029EC178000731E84 /* StatisticsView.swift in Sources */ = {isa = PBXBuildFile; fileRef = D6842EBF29EC178000731E84 /* StatisticsView.swift */; };
		D6842EC229EC179200731E84 /* StatisticsViewModel.swift in Sources */ = {isa = PBXBuildFile; fileRef = D6842EC129EC179200731E84 /* StatisticsViewModel.swift */; };
		D6842EC429EC62DE00731E84 /* PayManager.swift in Sources */ = {isa = PBXBuildFile; fileRef = D6842EC329EC62DD00731E84 /* PayManager.swift */; };
		D6842EC629EC6FDF00731E84 /* PayManagerTests.swift in Sources */ = {isa = PBXBuildFile; fileRef = D6842EC529EC6FDE00731E84 /* PayManagerTests.swift */; };
		D684A3882AF6F3E700511E0D /* OnboardingWelcomeView.swift in Sources */ = {isa = PBXBuildFile; fileRef = D684A3872AF6F3E700511E0D /* OnboardingWelcomeView.swift */; };
		D684A38A2AF6F54B00511E0D /* ButtonFactory.swift in Sources */ = {isa = PBXBuildFile; fileRef = D684A3892AF6F54B00511E0D /* ButtonFactory.swift */; };
		D68732022B2243C9008CB0D4 /* PaginationState.swift in Sources */ = {isa = PBXBuildFile; fileRef = D68732012B2243C9008CB0D4 /* PaginationState.swift */; };
		D698F3F02B5C131D00D9DFF4 /* NotificationService.swift in Sources */ = {isa = PBXBuildFile; fileRef = D698F3EF2B5C131D00D9DFF4 /* NotificationService.swift */; };
		D698F3F22B5C1F8600D9DFF4 /* AppNotification.swift in Sources */ = {isa = PBXBuildFile; fileRef = D698F3F12B5C1F8600D9DFF4 /* AppNotification.swift */; };
		D69C8CD72B43687700146EFA /* CustomDatePickerContainer.swift in Sources */ = {isa = PBXBuildFile; fileRef = D69C8CD62B43687700146EFA /* CustomDatePickerContainer.swift */; };
		D69C8CD92B44208C00146EFA /* ConfirmButtonStyle.swift in Sources */ = {isa = PBXBuildFile; fileRef = D69C8CD82B44208C00146EFA /* ConfirmButtonStyle.swift */; };
		D69C8CDB2B4420D600146EFA /* CancelButtonStyle.swift in Sources */ = {isa = PBXBuildFile; fileRef = D69C8CDA2B4420D600146EFA /* CancelButtonStyle.swift */; };
		D69C8CDD2B44224100146EFA /* VerticalDivider.swift in Sources */ = {isa = PBXBuildFile; fileRef = D69C8CDC2B44224100146EFA /* VerticalDivider.swift */; };
		D6AB737029F562E600D5DE82 /* OnboardingViewModel.swift in Sources */ = {isa = PBXBuildFile; fileRef = D6AB736F29F562E600D5DE82 /* OnboardingViewModel.swift */; };
		D6B2BDF22B27810700CB4FA7 /* DateFilterSheetView.swift in Sources */ = {isa = PBXBuildFile; fileRef = D6B2BDF12B27810700CB4FA7 /* DateFilterSheetView.swift */; };
		D6B2BDF42B27C22400CB4FA7 /* EmptyPlaceholderModifier.swift in Sources */ = {isa = PBXBuildFile; fileRef = D6B2BDF32B27C22400CB4FA7 /* EmptyPlaceholderModifier.swift */; };
		D6B3B2662ABA237800101A1F /* SettingsViewUITests.swift in Sources */ = {isa = PBXBuildFile; fileRef = D6B3B2652ABA237800101A1F /* SettingsViewUITests.swift */; };
		D6B7D1C82B0EB41A00E6F7A8 /* ContentViewScreen.swift in Sources */ = {isa = PBXBuildFile; fileRef = D6B7D1C72B0EB41A00E6F7A8 /* ContentViewScreen.swift */; };
		D6C3567B2B44AAB4007C23A3 /* ButtonStyle+Extension.swift in Sources */ = {isa = PBXBuildFile; fileRef = D6C3567A2B44AAB4007C23A3 /* ButtonStyle+Extension.swift */; };
		D6C4589429D229210069D89B /* ClockInApp.swift in Sources */ = {isa = PBXBuildFile; fileRef = D6C4589329D229210069D89B /* ClockInApp.swift */; };
		D6C4589629D229210069D89B /* ContentView.swift in Sources */ = {isa = PBXBuildFile; fileRef = D6C4589529D229210069D89B /* ContentView.swift */; };
		D6C4589829D229230069D89B /* Assets.xcassets in Resources */ = {isa = PBXBuildFile; fileRef = D6C4589729D229230069D89B /* Assets.xcassets */; };
		D6C4589B29D229230069D89B /* Preview Assets.xcassets in Resources */ = {isa = PBXBuildFile; fileRef = D6C4589A29D229230069D89B /* Preview Assets.xcassets */; };
		D6C458A529D229230069D89B /* ClockInTests.swift in Sources */ = {isa = PBXBuildFile; fileRef = D6C458A429D229230069D89B /* ClockInTests.swift */; };
		D6C458AF29D229230069D89B /* ClockInUITests.swift in Sources */ = {isa = PBXBuildFile; fileRef = D6C458AE29D229230069D89B /* ClockInUITests.swift */; };
		D6C458B129D229230069D89B /* ClockInUITestsLaunchTests.swift in Sources */ = {isa = PBXBuildFile; fileRef = D6C458B029D229230069D89B /* ClockInUITestsLaunchTests.swift */; };
		D6C458C129D2DD4F0069D89B /* HomeViewModel.swift in Sources */ = {isa = PBXBuildFile; fileRef = D6C458C029D2DD4E0069D89B /* HomeViewModel.swift */; };
		D6C458C329D2DE2D0069D89B /* HomeView.swift in Sources */ = {isa = PBXBuildFile; fileRef = D6C458C229D2DE2D0069D89B /* HomeView.swift */; };
		D6C458C529D35EAA0069D89B /* SettingsView.swift in Sources */ = {isa = PBXBuildFile; fileRef = D6C458C429D35EAA0069D89B /* SettingsView.swift */; };
		D6C458C729D36C050069D89B /* RingView.swift in Sources */ = {isa = PBXBuildFile; fileRef = D6C458C629D36C050069D89B /* RingView.swift */; };
		D6CA773D2B40B68900C98AF3 /* MainView.swift in Sources */ = {isa = PBXBuildFile; fileRef = D6CA773C2B40B68900C98AF3 /* MainView.swift */; };
		D6CA773F2B40BB4D00C98AF3 /* Route.swift in Sources */ = {isa = PBXBuildFile; fileRef = D6CA773E2B40BB4D00C98AF3 /* Route.swift */; };
		D6CB2A7C2B05629200F3030C /* View+Extension.swift in Sources */ = {isa = PBXBuildFile; fileRef = D6CB2A7B2B05629200F3030C /* View+Extension.swift */; };
		D6CBB8662B3443360074CE8B /* EditSheetViewModelTests.swift in Sources */ = {isa = PBXBuildFile; fileRef = D6CBB8652B3443360074CE8B /* EditSheetViewModelTests.swift */; };
		D6CBB8682B34ACF20074CE8B /* Calendar+Extension.swift in Sources */ = {isa = PBXBuildFile; fileRef = D6CBB8672B34ACF20074CE8B /* Calendar+Extension.swift */; };
		D6CBB86A2B34C7150074CE8B /* FormatterFactory.swift in Sources */ = {isa = PBXBuildFile; fileRef = D6CBB8692B34C7150074CE8B /* FormatterFactory.swift */; };
		D6CE83F12BD431FE00DA0882 /* Localizable.xcstrings in Resources */ = {isa = PBXBuildFile; fileRef = D6CE83F02BD431FE00DA0882 /* Localizable.xcstrings */; };
		D6CE83F62BD443CD00DA0882 /* Localization.swift in Sources */ = {isa = PBXBuildFile; fileRef = D6CE83F52BD443CD00DA0882 /* Localization.swift */; };
		D6CE83F82BD4443300DA0882 /* Localized.swift in Sources */ = {isa = PBXBuildFile; fileRef = D6CE83F72BD4443300DA0882 /* Localized.swift */; };
		D6D02FAE29EF0B13006CD0B2 /* EditSheetView.swift in Sources */ = {isa = PBXBuildFile; fileRef = D6D02FAD29EF0B13006CD0B2 /* EditSheetView.swift */; };
		D6D02FB029EF0B7F006CD0B2 /* EditSheetViewModel.swift in Sources */ = {isa = PBXBuildFile; fileRef = D6D02FAF29EF0B7F006CD0B2 /* EditSheetViewModel.swift */; };
		D6D906AE2AA0BEDE004E09C9 /* ScreenIdentifier.swift in Sources */ = {isa = PBXBuildFile; fileRef = D6D906AD2AA0BEDE004E09C9 /* ScreenIdentifier.swift */; };
		D6D906B12AA12BDB004E09C9 /* BackgroundFactory.swift in Sources */ = {isa = PBXBuildFile; fileRef = D6D906B02AA12BDB004E09C9 /* BackgroundFactory.swift */; };
		D6E2C15929D6C20E00229286 /* WorkHistory.xcdatamodeld in Sources */ = {isa = PBXBuildFile; fileRef = D6E2C15729D6C20E00229286 /* WorkHistory.xcdatamodeld */; };
		D6E2C15B29D6C31800229286 /* HistoryViewModel.swift in Sources */ = {isa = PBXBuildFile; fileRef = D6E2C15A29D6C31800229286 /* HistoryViewModel.swift */; };
		D6E6832E2B79502B009C6CEC /* ChartableEntry.swift in Sources */ = {isa = PBXBuildFile; fileRef = D6E6832D2B79502B009C6CEC /* ChartableEntry.swift */; };
		D6E6B8732AF98A4B0073D911 /* OnboardingNotificationView.swift in Sources */ = {isa = PBXBuildFile; fileRef = D6E6B8722AF98A4B0073D911 /* OnboardingNotificationView.swift */; };
		D6E6B8752AF98EB40073D911 /* OnboardingSalaryView.swift in Sources */ = {isa = PBXBuildFile; fileRef = D6E6B8742AF98EB40073D911 /* OnboardingSalaryView.swift */; };
		D6E6B8772AF992F90073D911 /* OnboardingFinishView.swift in Sources */ = {isa = PBXBuildFile; fileRef = D6E6B8762AF992F90073D911 /* OnboardingFinishView.swift */; };
		D6EA695A2AF83E7800D8F6C3 /* OnboardingWorktimeView.swift in Sources */ = {isa = PBXBuildFile; fileRef = D6EA69592AF83E7800D8F6C3 /* OnboardingWorktimeView.swift */; };
		D6EA695C2AF8452A00D8F6C3 /* TextFactory.swift in Sources */ = {isa = PBXBuildFile; fileRef = D6EA695B2AF8452A00D8F6C3 /* TextFactory.swift */; };
		D6EA695E2AF8498D00D8F6C3 /* OnboardingOvertimeView.swift in Sources */ = {isa = PBXBuildFile; fileRef = D6EA695D2AF8498D00D8F6C3 /* OnboardingOvertimeView.swift */; };
		D6ED26BD2AA3B739001E2390 /* StatisticsViewScreen.swift in Sources */ = {isa = PBXBuildFile; fileRef = D6ED26BC2AA3B739001E2390 /* StatisticsViewScreen.swift */; };
		D6ED26BF2AA3BA05001E2390 /* OnboardingUITests.swift in Sources */ = {isa = PBXBuildFile; fileRef = D6ED26BE2AA3BA05001E2390 /* OnboardingUITests.swift */; };
		D6EF97922BE7FB6900AD719C /* PreviewDataManager.swift in Sources */ = {isa = PBXBuildFile; fileRef = D6EF97912BE7FB6900AD719C /* PreviewDataManager.swift */; };
		D6EF97942BE81A4D00AD719C /* TestDataManager.swift in Sources */ = {isa = PBXBuildFile; fileRef = D6EF97932BE81A4D00AD719C /* TestDataManager.swift */; };
		D6FA94FB2B013C770034B16A /* ChartLegendItem.swift in Sources */ = {isa = PBXBuildFile; fileRef = D6FA94FA2B013C770034B16A /* ChartLegendItem.swift */; };
		D6FA94FD2B013F060034B16A /* ChartLegendItemView.swift in Sources */ = {isa = PBXBuildFile; fileRef = D6FA94FC2B013F060034B16A /* ChartLegendItemView.swift */; };
		D6FA94FF2B0145FF0034B16A /* ChartFactory.swift in Sources */ = {isa = PBXBuildFile; fileRef = D6FA94FE2B0145FE0034B16A /* ChartFactory.swift */; };
		D6FE20872B46EE0D00F931CD /* ConfirmDeleteRowView.swift in Sources */ = {isa = PBXBuildFile; fileRef = D6FE20862B46EE0D00F931CD /* ConfirmDeleteRowView.swift */; };
		D6FE208D2B4700AD00F931CD /* NavigationKit.framework in Frameworks */ = {isa = PBXBuildFile; fileRef = D6801A142B404F61003F54F9 /* NavigationKit.framework */; };
		D6FE208E2B4700AD00F931CD /* NavigationKit.framework in Embed Frameworks */ = {isa = PBXBuildFile; fileRef = D6801A142B404F61003F54F9 /* NavigationKit.framework */; settings = {ATTRIBUTES = (CodeSignOnCopy, RemoveHeadersOnCopy, ); }; };
		D6FE20902B4700AE00F931CD /* TabViewKit.framework in Frameworks */ = {isa = PBXBuildFile; fileRef = D62286732B40A04B00B41004 /* TabViewKit.framework */; };
		D6FE20912B4700AE00F931CD /* TabViewKit.framework in Embed Frameworks */ = {isa = PBXBuildFile; fileRef = D62286732B40A04B00B41004 /* TabViewKit.framework */; settings = {ATTRIBUTES = (CodeSignOnCopy, RemoveHeadersOnCopy, ); }; };
/* End PBXBuildFile section */

/* Begin PBXContainerItemProxy section */
		D6C458A129D229230069D89B /* PBXContainerItemProxy */ = {
			isa = PBXContainerItemProxy;
			containerPortal = D6C4588829D229200069D89B /* Project object */;
			proxyType = 1;
			remoteGlobalIDString = D6C4588F29D229210069D89B;
			remoteInfo = ClockIn;
		};
		D6C458AB29D229230069D89B /* PBXContainerItemProxy */ = {
			isa = PBXContainerItemProxy;
			containerPortal = D6C4588829D229200069D89B /* Project object */;
			proxyType = 1;
			remoteGlobalIDString = D6C4588F29D229210069D89B;
			remoteInfo = ClockIn;
		};
/* End PBXContainerItemProxy section */

/* Begin PBXCopyFilesBuildPhase section */
		D6FE208F2B4700AD00F931CD /* Embed Frameworks */ = {
			isa = PBXCopyFilesBuildPhase;
			buildActionMask = 2147483647;
			dstPath = "";
			dstSubfolderSpec = 10;
			files = (
				D66451072B56FF47003C537B /* ThemeKit.framework in Embed Frameworks */,
				D6FE20912B4700AE00F931CD /* TabViewKit.framework in Embed Frameworks */,
				D6FE208E2B4700AD00F931CD /* NavigationKit.framework in Embed Frameworks */,
			);
			name = "Embed Frameworks";
			runOnlyForDeploymentPostprocessing = 0;
		};
/* End PBXCopyFilesBuildPhase section */

/* Begin PBXFileReference section */
		D60480D72B122CDA00D6D70D /* ChartPeriodServiceTests.swift */ = {isa = PBXFileReference; lastKnownFileType = sourcecode.swift; path = ChartPeriodServiceTests.swift; sourceTree = "<group>"; };
		D60480D92B122D3F00D6D70D /* ChartPeriodService.swift */ = {isa = PBXFileReference; lastKnownFileType = sourcecode.swift; path = ChartPeriodService.swift; sourceTree = "<group>"; };
		D60594DB2AA7A2C400B8B264 /* SettingsViewScreen.swift */ = {isa = PBXFileReference; lastKnownFileType = sourcecode.swift; path = SettingsViewScreen.swift; sourceTree = "<group>"; };
		D60D21F12AA30F310055BE34 /* HomeViewScreen.swift */ = {isa = PBXFileReference; lastKnownFileType = sourcecode.swift; path = HomeViewScreen.swift; sourceTree = "<group>"; };
		D60D21F42AA357BA0055BE34 /* OnboardingViewScreen.swift */ = {isa = PBXFileReference; lastKnownFileType = sourcecode.swift; path = OnboardingViewScreen.swift; sourceTree = "<group>"; };
		D60EB9B52AB0D7000053136A /* Container.swift */ = {isa = PBXFileReference; lastKnownFileType = sourcecode.swift; path = Container.swift; sourceTree = "<group>"; };
		D61007482AAB867C00503C28 /* HistoryViewScreen.swift */ = {isa = PBXFileReference; lastKnownFileType = sourcecode.swift; name = HistoryViewScreen.swift; path = PunchPadUITests/ScreenHelpers/HistoryViewScreen.swift; sourceTree = SOURCE_ROOT; };
		D610074A2AAB8BC800503C28 /* HistoryViewUITests.swift */ = {isa = PBXFileReference; lastKnownFileType = sourcecode.swift; path = HistoryViewUITests.swift; sourceTree = "<group>"; };
		D610074C2AAC77F300503C28 /* EditSheetScreen.swift */ = {isa = PBXFileReference; lastKnownFileType = sourcecode.swift; path = EditSheetScreen.swift; sourceTree = "<group>"; };
		D617D43C2B4987480069AA3B /* GrossSalary.swift */ = {isa = PBXFileReference; lastKnownFileType = sourcecode.swift; path = GrossSalary.swift; sourceTree = "<group>"; };
		D61945EB29E7306B0046DE1F /* HomeViewModelTests.swift */ = {isa = PBXFileReference; lastKnownFileType = sourcecode.swift; path = HomeViewModelTests.swift; sourceTree = "<group>"; };
		D61945EF29E735D80046DE1F /* MockTimer.swift */ = {isa = PBXFileReference; lastKnownFileType = sourcecode.swift; path = MockTimer.swift; sourceTree = "<group>"; };
		D61F11302AB38F8700902D6D /* SettingsStore.swift */ = {isa = PBXFileReference; lastKnownFileType = sourcecode.swift; path = SettingsStore.swift; sourceTree = "<group>"; };
		D61F11332AB3A6FF00902D6D /* ColorScheme+Extension.swift */ = {isa = PBXFileReference; lastKnownFileType = sourcecode.swift; path = "ColorScheme+Extension.swift"; sourceTree = "<group>"; };
		D621C0C92B3B79850065DF8C /* CircleButton.swift */ = {isa = PBXFileReference; lastKnownFileType = sourcecode.swift; path = CircleButton.swift; sourceTree = "<group>"; };
		D621C0CB2B3B8BE40065DF8C /* TimerIndicator.swift */ = {isa = PBXFileReference; lastKnownFileType = sourcecode.swift; path = TimerIndicator.swift; sourceTree = "<group>"; };
		D62286732B40A04B00B41004 /* TabViewKit.framework */ = {isa = PBXFileReference; explicitFileType = wrapper.framework; path = TabViewKit.framework; sourceTree = BUILT_PRODUCTS_DIR; };
		D629CEF82B3613660036579D /* TimerService.swift */ = {isa = PBXFileReference; lastKnownFileType = sourcecode.swift; path = TimerService.swift; sourceTree = "<group>"; };
		D629CEFA2B363B500036579D /* TimerServiceTests.swift */ = {isa = PBXFileReference; lastKnownFileType = sourcecode.swift; path = TimerServiceTests.swift; sourceTree = "<group>"; };
		D630A53A2B4704EA0098CA86 /* ThemeKit.framework */ = {isa = PBXFileReference; explicitFileType = wrapper.framework; path = ThemeKit.framework; sourceTree = BUILT_PRODUCTS_DIR; };
		D630A53E2B473A320098CA86 /* LaunchScreen.storyboard */ = {isa = PBXFileReference; lastKnownFileType = file.storyboard; path = LaunchScreen.storyboard; sourceTree = "<group>"; };
		D63719432BCDC060006536DA /* ContainerProtocol.swift */ = {isa = PBXFileReference; lastKnownFileType = sourcecode.swift; path = ContainerProtocol.swift; sourceTree = "<group>"; };
		D63719452BCE5B5C006536DA /* PreviewContainer.swift */ = {isa = PBXFileReference; lastKnownFileType = sourcecode.swift; path = PreviewContainer.swift; sourceTree = "<group>"; };
		D63719472BCE5C26006536DA /* TestContainer.swift */ = {isa = PBXFileReference; lastKnownFileType = sourcecode.swift; path = TestContainer.swift; sourceTree = "<group>"; };
		D63753AD2B45DA2000386482 /* TextFieldStyle+Extension.swift */ = {isa = PBXFileReference; lastKnownFileType = sourcecode.swift; path = "TextFieldStyle+Extension.swift"; sourceTree = "<group>"; };
		D63753AF2B45DA5000386482 /* GreenBorderTextFieldStyle.swift */ = {isa = PBXFileReference; lastKnownFileType = sourcecode.swift; path = GreenBorderTextFieldStyle.swift; sourceTree = "<group>"; };
		D64313B72B1E606B003B5DBC /* PreviewDataFactory.swift */ = {isa = PBXFileReference; lastKnownFileType = sourcecode.swift; path = PreviewDataFactory.swift; sourceTree = "<group>"; };
		D64574AF29D9E6A000207168 /* DataManager.swift */ = {isa = PBXFileReference; lastKnownFileType = sourcecode.swift; path = DataManager.swift; sourceTree = "<group>"; };
		D64574B129D9F16900207168 /* EntryMO+CoreDataClass.swift */ = {isa = PBXFileReference; lastKnownFileType = sourcecode.swift; path = "EntryMO+CoreDataClass.swift"; sourceTree = "<group>"; };
		D64574B229D9F16900207168 /* EntryMO+CoreDataProperties.swift */ = {isa = PBXFileReference; lastKnownFileType = sourcecode.swift; path = "EntryMO+CoreDataProperties.swift"; sourceTree = "<group>"; };
		D64574B529D9F37400207168 /* Entry.swift */ = {isa = PBXFileReference; lastKnownFileType = sourcecode.swift; path = Entry.swift; sourceTree = "<group>"; };
		D64766C42AFEBD9D0013AC9A /* ChartLegendView.swift */ = {isa = PBXFileReference; lastKnownFileType = sourcecode.swift; path = ChartLegendView.swift; sourceTree = "<group>"; };
		D64E6B102BE6B42000E961B6 /* DataManaging.swift */ = {isa = PBXFileReference; lastKnownFileType = sourcecode.swift; name = DataManaging.swift; path = /Users/tomaszkubiak/xcode/PunchPad/PunchPad/Features/Persistance/Model/DataManaging.swift; sourceTree = "<absolute>"; };
		D653FEEB2B320E1600ECFCF2 /* TimeIntervalPicker.swift */ = {isa = PBXFileReference; lastKnownFileType = sourcecode.swift; path = TimeIntervalPicker.swift; sourceTree = "<group>"; };
		D65A976A29F2E6B800462D8C /* StatisticsViewModelTests.swift */ = {isa = PBXFileReference; lastKnownFileType = sourcecode.swift; path = StatisticsViewModelTests.swift; sourceTree = "<group>"; };
		D65A976E29F3BBDD00462D8C /* OnboardingView.swift */ = {isa = PBXFileReference; lastKnownFileType = sourcecode.swift; path = OnboardingView.swift; sourceTree = "<group>"; };
		D65FD53C29D8B259006CC34F /* PersistanceController.swift */ = {isa = PBXFileReference; lastKnownFileType = sourcecode.swift; path = PersistanceController.swift; sourceTree = "<group>"; };
		D666ADCB2AC05A0500B74663 /* CaseIterable+Extension.swift */ = {isa = PBXFileReference; lastKnownFileType = sourcecode.swift; path = "CaseIterable+Extension.swift"; sourceTree = "<group>"; };
		D66750E929D713C900757F17 /* HistoryView.swift */ = {isa = PBXFileReference; lastKnownFileType = sourcecode.swift; path = HistoryView.swift; sourceTree = "<group>"; };
		D66750EB29D71C8300757F17 /* HistoryRowView.swift */ = {isa = PBXFileReference; lastKnownFileType = sourcecode.swift; path = HistoryRowView.swift; sourceTree = "<group>"; };
		D66A4DF52B7AA72800D16110 /* ChartType.swift */ = {isa = PBXFileReference; lastKnownFileType = sourcecode.swift; path = ChartType.swift; sourceTree = "<group>"; };
		D66A4DF72B7AA74F00D16110 /* Period.swift */ = {isa = PBXFileReference; lastKnownFileType = sourcecode.swift; path = Period.swift; sourceTree = "<group>"; };
		D66A4DF92B7AD3B000D16110 /* XCTestCase+Extension.swift */ = {isa = PBXFileReference; lastKnownFileType = sourcecode.swift; path = "XCTestCase+Extension.swift"; sourceTree = "<group>"; };
		D66A4DFF2B7AD46100D16110 /* Published+Extension.swift */ = {isa = PBXFileReference; lastKnownFileType = sourcecode.swift; path = "Published+Extension.swift"; sourceTree = "<group>"; };
		D67332E52AADB8B1005FFE7F /* LaunchArgument.swift */ = {isa = PBXFileReference; lastKnownFileType = sourcecode.swift; path = LaunchArgument.swift; sourceTree = "<group>"; };
		D67332E92AAE3D3D005FFE7F /* StatisticsUITests.swift */ = {isa = PBXFileReference; lastKnownFileType = sourcecode.swift; path = StatisticsUITests.swift; sourceTree = "<group>"; };
		D67633F82BF54E4300D45163 /* TimerModel.swift */ = {isa = PBXFileReference; lastKnownFileType = sourcecode.swift; path = TimerModel.swift; sourceTree = "<group>"; };
		D67633FA2BF54F7F00D45163 /* TimerServiceState.swift */ = {isa = PBXFileReference; lastKnownFileType = sourcecode.swift; path = TimerServiceState.swift; sourceTree = "<group>"; };
		D67633FC2BF5500500D45163 /* TimerServiceEvent.swift */ = {isa = PBXFileReference; lastKnownFileType = sourcecode.swift; path = TimerServiceEvent.swift; sourceTree = "<group>"; };
		D67633FE2BF5536600D45163 /* TimerStore.swift */ = {isa = PBXFileReference; lastKnownFileType = sourcecode.swift; path = TimerStore.swift; sourceTree = "<group>"; };
		D6799EFB29E1BC0F0080E32A /* HistoryViewModelTests.swift */ = {isa = PBXFileReference; lastKnownFileType = sourcecode.swift; path = HistoryViewModelTests.swift; sourceTree = "<group>"; };
		D6801A142B404F61003F54F9 /* NavigationKit.framework */ = {isa = PBXFileReference; explicitFileType = wrapper.framework; path = NavigationKit.framework; sourceTree = BUILT_PRODUCTS_DIR; };
		D682AF912B3C77F5004EE208 /* ChartTimeRange.swift */ = {isa = PBXFileReference; lastKnownFileType = sourcecode.swift; path = ChartTimeRange.swift; sourceTree = "<group>"; };
		D682AF932B3D83A2004EE208 /* EntrySummary.swift */ = {isa = PBXFileReference; lastKnownFileType = sourcecode.swift; path = EntrySummary.swift; sourceTree = "<group>"; };
		D68384F829DB25DD00228491 /* SettingViewModel.swift */ = {isa = PBXFileReference; lastKnownFileType = sourcecode.swift; path = SettingViewModel.swift; sourceTree = "<group>"; };
		D6842EBF29EC178000731E84 /* StatisticsView.swift */ = {isa = PBXFileReference; lastKnownFileType = sourcecode.swift; path = StatisticsView.swift; sourceTree = "<group>"; };
		D6842EC129EC179200731E84 /* StatisticsViewModel.swift */ = {isa = PBXFileReference; lastKnownFileType = sourcecode.swift; path = StatisticsViewModel.swift; sourceTree = "<group>"; };
		D6842EC329EC62DD00731E84 /* PayManager.swift */ = {isa = PBXFileReference; lastKnownFileType = sourcecode.swift; path = PayManager.swift; sourceTree = "<group>"; };
		D6842EC529EC6FDE00731E84 /* PayManagerTests.swift */ = {isa = PBXFileReference; lastKnownFileType = sourcecode.swift; path = PayManagerTests.swift; sourceTree = "<group>"; };
		D684A3872AF6F3E700511E0D /* OnboardingWelcomeView.swift */ = {isa = PBXFileReference; lastKnownFileType = sourcecode.swift; path = OnboardingWelcomeView.swift; sourceTree = "<group>"; };
		D684A3892AF6F54B00511E0D /* ButtonFactory.swift */ = {isa = PBXFileReference; lastKnownFileType = sourcecode.swift; path = ButtonFactory.swift; sourceTree = "<group>"; };
		D68732012B2243C9008CB0D4 /* PaginationState.swift */ = {isa = PBXFileReference; lastKnownFileType = sourcecode.swift; path = PaginationState.swift; sourceTree = "<group>"; };
		D698F3EF2B5C131D00D9DFF4 /* NotificationService.swift */ = {isa = PBXFileReference; lastKnownFileType = sourcecode.swift; path = NotificationService.swift; sourceTree = "<group>"; };
		D698F3F12B5C1F8600D9DFF4 /* AppNotification.swift */ = {isa = PBXFileReference; lastKnownFileType = sourcecode.swift; path = AppNotification.swift; sourceTree = "<group>"; };
		D69C8CD62B43687700146EFA /* CustomDatePickerContainer.swift */ = {isa = PBXFileReference; lastKnownFileType = sourcecode.swift; path = CustomDatePickerContainer.swift; sourceTree = "<group>"; };
		D69C8CD82B44208C00146EFA /* ConfirmButtonStyle.swift */ = {isa = PBXFileReference; lastKnownFileType = sourcecode.swift; path = ConfirmButtonStyle.swift; sourceTree = "<group>"; };
		D69C8CDA2B4420D600146EFA /* CancelButtonStyle.swift */ = {isa = PBXFileReference; lastKnownFileType = sourcecode.swift; path = CancelButtonStyle.swift; sourceTree = "<group>"; };
		D69C8CDC2B44224100146EFA /* VerticalDivider.swift */ = {isa = PBXFileReference; lastKnownFileType = sourcecode.swift; path = VerticalDivider.swift; sourceTree = "<group>"; };
		D6AB736F29F562E600D5DE82 /* OnboardingViewModel.swift */ = {isa = PBXFileReference; lastKnownFileType = sourcecode.swift; path = OnboardingViewModel.swift; sourceTree = "<group>"; };
		D6B2BDF12B27810700CB4FA7 /* DateFilterSheetView.swift */ = {isa = PBXFileReference; lastKnownFileType = sourcecode.swift; path = DateFilterSheetView.swift; sourceTree = "<group>"; };
		D6B2BDF32B27C22400CB4FA7 /* EmptyPlaceholderModifier.swift */ = {isa = PBXFileReference; lastKnownFileType = sourcecode.swift; path = EmptyPlaceholderModifier.swift; sourceTree = "<group>"; };
		D6B3B2652ABA237800101A1F /* SettingsViewUITests.swift */ = {isa = PBXFileReference; lastKnownFileType = sourcecode.swift; path = SettingsViewUITests.swift; sourceTree = "<group>"; };
		D6B7D1C72B0EB41A00E6F7A8 /* ContentViewScreen.swift */ = {isa = PBXFileReference; lastKnownFileType = sourcecode.swift; path = ContentViewScreen.swift; sourceTree = "<group>"; };
		D6C3567A2B44AAB4007C23A3 /* ButtonStyle+Extension.swift */ = {isa = PBXFileReference; lastKnownFileType = sourcecode.swift; path = "ButtonStyle+Extension.swift"; sourceTree = "<group>"; };
		D6C4589029D229210069D89B /* PunchPad.app */ = {isa = PBXFileReference; explicitFileType = wrapper.application; includeInIndex = 0; path = PunchPad.app; sourceTree = BUILT_PRODUCTS_DIR; };
		D6C4589329D229210069D89B /* ClockInApp.swift */ = {isa = PBXFileReference; lastKnownFileType = sourcecode.swift; path = ClockInApp.swift; sourceTree = "<group>"; };
		D6C4589529D229210069D89B /* ContentView.swift */ = {isa = PBXFileReference; lastKnownFileType = sourcecode.swift; path = ContentView.swift; sourceTree = "<group>"; };
		D6C4589729D229230069D89B /* Assets.xcassets */ = {isa = PBXFileReference; lastKnownFileType = folder.assetcatalog; path = Assets.xcassets; sourceTree = "<group>"; };
		D6C4589A29D229230069D89B /* Preview Assets.xcassets */ = {isa = PBXFileReference; lastKnownFileType = folder.assetcatalog; path = "Preview Assets.xcassets"; sourceTree = "<group>"; };
		D6C458A029D229230069D89B /* PunchPadTests.xctest */ = {isa = PBXFileReference; explicitFileType = wrapper.cfbundle; includeInIndex = 0; path = PunchPadTests.xctest; sourceTree = BUILT_PRODUCTS_DIR; };
		D6C458A429D229230069D89B /* ClockInTests.swift */ = {isa = PBXFileReference; lastKnownFileType = sourcecode.swift; path = ClockInTests.swift; sourceTree = "<group>"; };
		D6C458AA29D229230069D89B /* PunchPadUITests.xctest */ = {isa = PBXFileReference; explicitFileType = wrapper.cfbundle; includeInIndex = 0; path = PunchPadUITests.xctest; sourceTree = BUILT_PRODUCTS_DIR; };
		D6C458AE29D229230069D89B /* ClockInUITests.swift */ = {isa = PBXFileReference; lastKnownFileType = sourcecode.swift; path = ClockInUITests.swift; sourceTree = "<group>"; };
		D6C458B029D229230069D89B /* ClockInUITestsLaunchTests.swift */ = {isa = PBXFileReference; lastKnownFileType = sourcecode.swift; path = ClockInUITestsLaunchTests.swift; sourceTree = "<group>"; };
		D6C458C029D2DD4E0069D89B /* HomeViewModel.swift */ = {isa = PBXFileReference; lastKnownFileType = sourcecode.swift; path = HomeViewModel.swift; sourceTree = "<group>"; };
		D6C458C229D2DE2D0069D89B /* HomeView.swift */ = {isa = PBXFileReference; lastKnownFileType = sourcecode.swift; path = HomeView.swift; sourceTree = "<group>"; };
		D6C458C429D35EAA0069D89B /* SettingsView.swift */ = {isa = PBXFileReference; lastKnownFileType = sourcecode.swift; path = SettingsView.swift; sourceTree = "<group>"; };
		D6C458C629D36C050069D89B /* RingView.swift */ = {isa = PBXFileReference; lastKnownFileType = sourcecode.swift; path = RingView.swift; sourceTree = "<group>"; };
		D6CA773C2B40B68900C98AF3 /* MainView.swift */ = {isa = PBXFileReference; lastKnownFileType = sourcecode.swift; path = MainView.swift; sourceTree = "<group>"; };
		D6CA773E2B40BB4D00C98AF3 /* Route.swift */ = {isa = PBXFileReference; lastKnownFileType = sourcecode.swift; path = Route.swift; sourceTree = "<group>"; };
		D6CB2A7B2B05629200F3030C /* View+Extension.swift */ = {isa = PBXFileReference; lastKnownFileType = sourcecode.swift; path = "View+Extension.swift"; sourceTree = "<group>"; };
		D6CBB8652B3443360074CE8B /* EditSheetViewModelTests.swift */ = {isa = PBXFileReference; lastKnownFileType = sourcecode.swift; path = EditSheetViewModelTests.swift; sourceTree = "<group>"; };
		D6CBB8672B34ACF20074CE8B /* Calendar+Extension.swift */ = {isa = PBXFileReference; lastKnownFileType = sourcecode.swift; path = "Calendar+Extension.swift"; sourceTree = "<group>"; };
		D6CBB8692B34C7150074CE8B /* FormatterFactory.swift */ = {isa = PBXFileReference; lastKnownFileType = sourcecode.swift; path = FormatterFactory.swift; sourceTree = "<group>"; };
		D6CE83F02BD431FE00DA0882 /* Localizable.xcstrings */ = {isa = PBXFileReference; lastKnownFileType = text.json.xcstrings; path = Localizable.xcstrings; sourceTree = "<group>"; };
		D6CE83F52BD443CD00DA0882 /* Localization.swift */ = {isa = PBXFileReference; lastKnownFileType = sourcecode.swift; path = Localization.swift; sourceTree = "<group>"; };
		D6CE83F72BD4443300DA0882 /* Localized.swift */ = {isa = PBXFileReference; lastKnownFileType = sourcecode.swift; path = Localized.swift; sourceTree = "<group>"; };
		D6D02FAD29EF0B13006CD0B2 /* EditSheetView.swift */ = {isa = PBXFileReference; lastKnownFileType = sourcecode.swift; path = EditSheetView.swift; sourceTree = "<group>"; };
		D6D02FAF29EF0B7F006CD0B2 /* EditSheetViewModel.swift */ = {isa = PBXFileReference; lastKnownFileType = sourcecode.swift; path = EditSheetViewModel.swift; sourceTree = "<group>"; };
		D6D906AD2AA0BEDE004E09C9 /* ScreenIdentifier.swift */ = {isa = PBXFileReference; lastKnownFileType = sourcecode.swift; path = ScreenIdentifier.swift; sourceTree = "<group>"; };
		D6D906B02AA12BDB004E09C9 /* BackgroundFactory.swift */ = {isa = PBXFileReference; lastKnownFileType = sourcecode.swift; path = BackgroundFactory.swift; sourceTree = "<group>"; };
		D6E2C15829D6C20E00229286 /* WorkHistory.xcdatamodel */ = {isa = PBXFileReference; lastKnownFileType = wrapper.xcdatamodel; path = WorkHistory.xcdatamodel; sourceTree = "<group>"; };
		D6E2C15A29D6C31800229286 /* HistoryViewModel.swift */ = {isa = PBXFileReference; lastKnownFileType = sourcecode.swift; path = HistoryViewModel.swift; sourceTree = "<group>"; };
		D6E6832D2B79502B009C6CEC /* ChartableEntry.swift */ = {isa = PBXFileReference; lastKnownFileType = sourcecode.swift; path = ChartableEntry.swift; sourceTree = "<group>"; };
		D6E6B8722AF98A4B0073D911 /* OnboardingNotificationView.swift */ = {isa = PBXFileReference; lastKnownFileType = sourcecode.swift; path = OnboardingNotificationView.swift; sourceTree = "<group>"; };
		D6E6B8742AF98EB40073D911 /* OnboardingSalaryView.swift */ = {isa = PBXFileReference; lastKnownFileType = sourcecode.swift; path = OnboardingSalaryView.swift; sourceTree = "<group>"; };
		D6E6B8762AF992F90073D911 /* OnboardingFinishView.swift */ = {isa = PBXFileReference; lastKnownFileType = sourcecode.swift; path = OnboardingFinishView.swift; sourceTree = "<group>"; };
		D6EA69592AF83E7800D8F6C3 /* OnboardingWorktimeView.swift */ = {isa = PBXFileReference; lastKnownFileType = sourcecode.swift; path = OnboardingWorktimeView.swift; sourceTree = "<group>"; };
		D6EA695B2AF8452A00D8F6C3 /* TextFactory.swift */ = {isa = PBXFileReference; lastKnownFileType = sourcecode.swift; path = TextFactory.swift; sourceTree = "<group>"; };
		D6EA695D2AF8498D00D8F6C3 /* OnboardingOvertimeView.swift */ = {isa = PBXFileReference; lastKnownFileType = sourcecode.swift; path = OnboardingOvertimeView.swift; sourceTree = "<group>"; };
		D6ED26BC2AA3B739001E2390 /* StatisticsViewScreen.swift */ = {isa = PBXFileReference; lastKnownFileType = sourcecode.swift; path = StatisticsViewScreen.swift; sourceTree = "<group>"; };
		D6ED26BE2AA3BA05001E2390 /* OnboardingUITests.swift */ = {isa = PBXFileReference; lastKnownFileType = sourcecode.swift; path = OnboardingUITests.swift; sourceTree = "<group>"; };
		D6EF97912BE7FB6900AD719C /* PreviewDataManager.swift */ = {isa = PBXFileReference; lastKnownFileType = sourcecode.swift; path = PreviewDataManager.swift; sourceTree = "<group>"; };
		D6EF97932BE81A4D00AD719C /* TestDataManager.swift */ = {isa = PBXFileReference; lastKnownFileType = sourcecode.swift; path = TestDataManager.swift; sourceTree = "<group>"; };
		D6FA94FA2B013C770034B16A /* ChartLegendItem.swift */ = {isa = PBXFileReference; lastKnownFileType = sourcecode.swift; path = ChartLegendItem.swift; sourceTree = "<group>"; };
		D6FA94FC2B013F060034B16A /* ChartLegendItemView.swift */ = {isa = PBXFileReference; lastKnownFileType = sourcecode.swift; path = ChartLegendItemView.swift; sourceTree = "<group>"; };
		D6FA94FE2B0145FE0034B16A /* ChartFactory.swift */ = {isa = PBXFileReference; lastKnownFileType = sourcecode.swift; path = ChartFactory.swift; sourceTree = "<group>"; };
		D6FE20862B46EE0D00F931CD /* ConfirmDeleteRowView.swift */ = {isa = PBXFileReference; lastKnownFileType = sourcecode.swift; path = ConfirmDeleteRowView.swift; sourceTree = "<group>"; };
/* End PBXFileReference section */

/* Begin PBXFrameworksBuildPhase section */
		D6C4588D29D229210069D89B /* Frameworks */ = {
			isa = PBXFrameworksBuildPhase;
			buildActionMask = 2147483647;
			files = (
				D66451062B56FF47003C537B /* ThemeKit.framework in Frameworks */,
				D6FE20902B4700AE00F931CD /* TabViewKit.framework in Frameworks */,
				D6FE208D2B4700AD00F931CD /* NavigationKit.framework in Frameworks */,
			);
			runOnlyForDeploymentPostprocessing = 0;
		};
		D6C4589D29D229230069D89B /* Frameworks */ = {
			isa = PBXFrameworksBuildPhase;
			buildActionMask = 2147483647;
			files = (
			);
			runOnlyForDeploymentPostprocessing = 0;
		};
		D6C458A729D229230069D89B /* Frameworks */ = {
			isa = PBXFrameworksBuildPhase;
			buildActionMask = 2147483647;
			files = (
			);
			runOnlyForDeploymentPostprocessing = 0;
		};
/* End PBXFrameworksBuildPhase section */

/* Begin PBXGroup section */
		D61F11322AB3A6E700902D6D /* Extensions */ = {
			isa = PBXGroup;
			children = (
				D61F11332AB3A6FF00902D6D /* ColorScheme+Extension.swift */,
				D6CB2A7B2B05629200F3030C /* View+Extension.swift */,
				D666ADCB2AC05A0500B74663 /* CaseIterable+Extension.swift */,
				D6CBB8672B34ACF20074CE8B /* Calendar+Extension.swift */,
				D6C3567A2B44AAB4007C23A3 /* ButtonStyle+Extension.swift */,
				D63753AD2B45DA2000386482 /* TextFieldStyle+Extension.swift */,
			);
			path = Extensions;
			sourceTree = "<group>";
		};
		D63719422BCDBEAC006536DA /* ContainerService */ = {
			isa = PBXGroup;
			children = (
				D60EB9B52AB0D7000053136A /* Container.swift */,
				D63719472BCE5C26006536DA /* TestContainer.swift */,
				D63719452BCE5B5C006536DA /* PreviewContainer.swift */,
				D63719432BCDC060006536DA /* ContainerProtocol.swift */,
			);
			path = ContainerService;
			sourceTree = "<group>";
		};
		D63753B12B45E05700386482 /* Style */ = {
			isa = PBXGroup;
			children = (
				D69C8CD82B44208C00146EFA /* ConfirmButtonStyle.swift */,
				D69C8CDA2B4420D600146EFA /* CancelButtonStyle.swift */,
				D63753AF2B45DA5000386482 /* GreenBorderTextFieldStyle.swift */,
			);
			path = Style;
			sourceTree = "<group>";
		};
		D66A4DFB2B7AD3C900D16110 /* Extensions */ = {
			isa = PBXGroup;
			children = (
				D66A4DF92B7AD3B000D16110 /* XCTestCase+Extension.swift */,
				D66A4DFF2B7AD46100D16110 /* Published+Extension.swift */,
			);
			path = Extensions;
			sourceTree = "<group>";
		};
		D67332E82AAE3C1A005FFE7F /* ScreenHelpers */ = {
			isa = PBXGroup;
			children = (
				D61007482AAB867C00503C28 /* HistoryViewScreen.swift */,
				D610074C2AAC77F300503C28 /* EditSheetScreen.swift */,
				D60D21F12AA30F310055BE34 /* HomeViewScreen.swift */,
				D60D21F42AA357BA0055BE34 /* OnboardingViewScreen.swift */,
				D60594DB2AA7A2C400B8B264 /* SettingsViewScreen.swift */,
				D6ED26BC2AA3B739001E2390 /* StatisticsViewScreen.swift */,
				D6B7D1C72B0EB41A00E6F7A8 /* ContentViewScreen.swift */,
			);
			path = ScreenHelpers;
			sourceTree = "<group>";
		};
		D6801A132B404F61003F54F9 /* Frameworks */ = {
			isa = PBXGroup;
			children = (
				D630A53A2B4704EA0098CA86 /* ThemeKit.framework */,
				D62286732B40A04B00B41004 /* TabViewKit.framework */,
				D6801A142B404F61003F54F9 /* NavigationKit.framework */,
			);
			name = Frameworks;
			sourceTree = "<group>";
		};
		D6B2BDF52B27C42800CB4FA7 /* ViewModifiers */ = {
			isa = PBXGroup;
			children = (
				D6B2BDF32B27C22400CB4FA7 /* EmptyPlaceholderModifier.swift */,
			);
			path = ViewModifiers;
			sourceTree = "<group>";
		};
		D6C4588729D229200069D89B = {
			isa = PBXGroup;
			children = (
				D6C4589229D229210069D89B /* PunchPad */,
				D6C458A329D229230069D89B /* PunchPadTests */,
				D6C458AD29D229230069D89B /* PunchPadUITests */,
				D6C4589129D229210069D89B /* Products */,
				D6801A132B404F61003F54F9 /* Frameworks */,
			);
			sourceTree = "<group>";
		};
		D6C4589129D229210069D89B /* Products */ = {
			isa = PBXGroup;
			children = (
				D6C4589029D229210069D89B /* PunchPad.app */,
				D6C458A029D229230069D89B /* PunchPadTests.xctest */,
				D6C458AA29D229230069D89B /* PunchPadUITests.xctest */,
			);
			name = Products;
			sourceTree = "<group>";
		};
		D6C4589229D229210069D89B /* PunchPad */ = {
			isa = PBXGroup;
			children = (
				D6CE83F02BD431FE00DA0882 /* Localizable.xcstrings */,
				D6FD09342BCC266600AD8989 /* Features */,
				D6FD09332BCAE09200AD8989 /* Utilities */,
				D6C4589329D229210069D89B /* ClockInApp.swift */,
				D630A53E2B473A320098CA86 /* LaunchScreen.storyboard */,
				D6C4589729D229230069D89B /* Assets.xcassets */,
				D6E2C15729D6C20E00229286 /* WorkHistory.xcdatamodeld */,
				D6C4589929D229230069D89B /* Preview Content */,
			);
			path = PunchPad;
			sourceTree = "<group>";
		};
		D6C4589929D229230069D89B /* Preview Content */ = {
			isa = PBXGroup;
			children = (
				D6C4589A29D229230069D89B /* Preview Assets.xcassets */,
			);
			path = "Preview Content";
			sourceTree = "<group>";
		};
		D6C458A329D229230069D89B /* PunchPadTests */ = {
			isa = PBXGroup;
			children = (
				D61945EB29E7306B0046DE1F /* HomeViewModelTests.swift */,
				D66A4DFB2B7AD3C900D16110 /* Extensions */,
				D6799EFB29E1BC0F0080E32A /* HistoryViewModelTests.swift */,
				D629CEFA2B363B500036579D /* TimerServiceTests.swift */,
				D65A976A29F2E6B800462D8C /* StatisticsViewModelTests.swift */,
				D60480D72B122CDA00D6D70D /* ChartPeriodServiceTests.swift */,
				D61945EF29E735D80046DE1F /* MockTimer.swift */,
				D6842EC529EC6FDE00731E84 /* PayManagerTests.swift */,
				D6C458A429D229230069D89B /* ClockInTests.swift */,
				D6CBB8652B3443360074CE8B /* EditSheetViewModelTests.swift */,
			);
			path = PunchPadTests;
			sourceTree = "<group>";
		};
		D6C458AD29D229230069D89B /* PunchPadUITests */ = {
			isa = PBXGroup;
			children = (
				D67332E82AAE3C1A005FFE7F /* ScreenHelpers */,
				D610074A2AAB8BC800503C28 /* HistoryViewUITests.swift */,
				D67332E92AAE3D3D005FFE7F /* StatisticsUITests.swift */,
				D6ED26BE2AA3BA05001E2390 /* OnboardingUITests.swift */,
				D6C458AE29D229230069D89B /* ClockInUITests.swift */,
				D6C458B029D229230069D89B /* ClockInUITestsLaunchTests.swift */,
				D6B3B2652ABA237800101A1F /* SettingsViewUITests.swift */,
			);
			path = PunchPadUITests;
			sourceTree = "<group>";
		};
		D6CE83F42BD443B200DA0882 /* Localization */ = {
			isa = PBXGroup;
			children = (
				D6CE83F52BD443CD00DA0882 /* Localization.swift */,
				D6CE83F72BD4443300DA0882 /* Localized.swift */,
			);
			path = Localization;
			sourceTree = "<group>";
		};
		D6D906AF2AA12BBD004E09C9 /* Factory */ = {
			isa = PBXGroup;
			children = (
				D64313B72B1E606B003B5DBC /* PreviewDataFactory.swift */,
				D6D906B02AA12BDB004E09C9 /* BackgroundFactory.swift */,
				D684A3892AF6F54B00511E0D /* ButtonFactory.swift */,
				D6EA695B2AF8452A00D8F6C3 /* TextFactory.swift */,
				D6FA94FE2B0145FE0034B16A /* ChartFactory.swift */,
				D6CBB8692B34C7150074CE8B /* FormatterFactory.swift */,
			);
			path = Factory;
			sourceTree = "<group>";
		};
		D6FD09332BCAE09200AD8989 /* Utilities */ = {
			isa = PBXGroup;
			children = (
				D6FD09542BCC4DDB00AD8989 /* ViewComponent */,
				D6D906AF2AA12BBD004E09C9 /* Factory */,
				D63753B12B45E05700386482 /* Style */,
				D61F11322AB3A6E700902D6D /* Extensions */,
				D6B2BDF52B27C42800CB4FA7 /* ViewModifiers */,
				D67332E52AADB8B1005FFE7F /* LaunchArgument.swift */,
				D6D906AD2AA0BEDE004E09C9 /* ScreenIdentifier.swift */,
			);
			path = Utilities;
			sourceTree = "<group>";
		};
		D6FD09342BCC266600AD8989 /* Features */ = {
			isa = PBXGroup;
			children = (
				D6CE83F42BD443B200DA0882 /* Localization */,
				D63719422BCDBEAC006536DA /* ContainerService */,
				D6FD09532BCC4A7A00AD8989 /* PayService */,
				D6FD09512BCC49ED00AD8989 /* NotificationService */,
				D6FD09502BCC49C100AD8989 /* TimerService */,
				D6FD094F2BCC494700AD8989 /* Model */,
				D6FD094D2BCC48E800AD8989 /* Persistance */,
				D6FD094A2BCC47F000AD8989 /* ChartService */,
				D6FD09472BCC3FA500AD8989 /* Navigation */,
				D6FD09442BCC34D700AD8989 /* Statistics */,
				D6FD09402BCC335D00AD8989 /* Setting */,
				D6FD093A2BCC2CB100AD8989 /* History */,
				D6FD09372BCC276C00AD8989 /* Onboarding */,
				D6FD09362BCC274300AD8989 /* Home */,
			);
			path = Features;
			sourceTree = "<group>";
		};
		D6FD09362BCC274300AD8989 /* Home */ = {
			isa = PBXGroup;
			children = (
				D6FD093F2BCC2E2F00AD8989 /* View */,
				D6FD093E2BCC2E2500AD8989 /* ViewModel */,
			);
			path = Home;
			sourceTree = "<group>";
		};
		D6FD09372BCC276C00AD8989 /* Onboarding */ = {
			isa = PBXGroup;
			children = (
				D6FD09392BCC2C3500AD8989 /* ViewModel */,
				D6FD09382BCC279500AD8989 /* View */,
			);
			path = Onboarding;
			sourceTree = "<group>";
		};
		D6FD09382BCC279500AD8989 /* View */ = {
			isa = PBXGroup;
			children = (
				D65A976E29F3BBDD00462D8C /* OnboardingView.swift */,
				D684A3872AF6F3E700511E0D /* OnboardingWelcomeView.swift */,
				D6EA69592AF83E7800D8F6C3 /* OnboardingWorktimeView.swift */,
				D6EA695D2AF8498D00D8F6C3 /* OnboardingOvertimeView.swift */,
				D6E6B8722AF98A4B0073D911 /* OnboardingNotificationView.swift */,
				D6E6B8742AF98EB40073D911 /* OnboardingSalaryView.swift */,
				D6E6B8762AF992F90073D911 /* OnboardingFinishView.swift */,
			);
			path = View;
			sourceTree = "<group>";
		};
		D6FD09392BCC2C3500AD8989 /* ViewModel */ = {
			isa = PBXGroup;
			children = (
				D6AB736F29F562E600D5DE82 /* OnboardingViewModel.swift */,
			);
			path = ViewModel;
			sourceTree = "<group>";
		};
		D6FD093A2BCC2CB100AD8989 /* History */ = {
			isa = PBXGroup;
			children = (
				D6FD09522BCC4A5700AD8989 /* Model */,
				D6FD093D2BCC2DA900AD8989 /* ViewModel */,
				D6FD093B2BCC2D9700AD8989 /* View */,
			);
			path = History;
			sourceTree = "<group>";
		};
		D6FD093B2BCC2D9700AD8989 /* View */ = {
			isa = PBXGroup;
			children = (
				D66750E929D713C900757F17 /* HistoryView.swift */,
				D66750EB29D71C8300757F17 /* HistoryRowView.swift */,
				D6D02FAD29EF0B13006CD0B2 /* EditSheetView.swift */,
				D6B2BDF12B27810700CB4FA7 /* DateFilterSheetView.swift */,
			);
			path = View;
			sourceTree = "<group>";
		};
		D6FD093D2BCC2DA900AD8989 /* ViewModel */ = {
			isa = PBXGroup;
			children = (
				D6E2C15A29D6C31800229286 /* HistoryViewModel.swift */,
				D6D02FAF29EF0B7F006CD0B2 /* EditSheetViewModel.swift */,
			);
			path = ViewModel;
			sourceTree = "<group>";
		};
		D6FD093E2BCC2E2500AD8989 /* ViewModel */ = {
			isa = PBXGroup;
			children = (
				D6C458C029D2DD4E0069D89B /* HomeViewModel.swift */,
			);
			path = ViewModel;
			sourceTree = "<group>";
		};
		D6FD093F2BCC2E2F00AD8989 /* View */ = {
			isa = PBXGroup;
			children = (
				D6C458C229D2DE2D0069D89B /* HomeView.swift */,
			);
			path = View;
			sourceTree = "<group>";
		};
		D6FD09402BCC335D00AD8989 /* Setting */ = {
			isa = PBXGroup;
			children = (
				D6FD09432BCC337500AD8989 /* ViewModel */,
				D6FD09422BCC336F00AD8989 /* View */,
				D6FD09412BCC336600AD8989 /* Model */,
			);
			path = Setting;
			sourceTree = "<group>";
		};
		D6FD09412BCC336600AD8989 /* Model */ = {
			isa = PBXGroup;
			children = (
				D61F11302AB38F8700902D6D /* SettingsStore.swift */,
			);
			path = Model;
			sourceTree = "<group>";
		};
		D6FD09422BCC336F00AD8989 /* View */ = {
			isa = PBXGroup;
			children = (
				D6C458C429D35EAA0069D89B /* SettingsView.swift */,
			);
			path = View;
			sourceTree = "<group>";
		};
		D6FD09432BCC337500AD8989 /* ViewModel */ = {
			isa = PBXGroup;
			children = (
				D68384F829DB25DD00228491 /* SettingViewModel.swift */,
			);
			path = ViewModel;
			sourceTree = "<group>";
		};
		D6FD09442BCC34D700AD8989 /* Statistics */ = {
			isa = PBXGroup;
			children = (
				D6FD09462BCC34EC00AD8989 /* ViewModel */,
				D6FD09452BCC34E500AD8989 /* View */,
			);
			path = Statistics;
			sourceTree = "<group>";
		};
		D6FD09452BCC34E500AD8989 /* View */ = {
			isa = PBXGroup;
			children = (
				D6842EBF29EC178000731E84 /* StatisticsView.swift */,
			);
			path = View;
			sourceTree = "<group>";
		};
		D6FD09462BCC34EC00AD8989 /* ViewModel */ = {
			isa = PBXGroup;
			children = (
				D6842EC129EC179200731E84 /* StatisticsViewModel.swift */,
			);
			path = ViewModel;
			sourceTree = "<group>";
		};
		D6FD09472BCC3FA500AD8989 /* Navigation */ = {
			isa = PBXGroup;
			children = (
				D6FD09492BCC417200AD8989 /* Model */,
				D6FD09482BCC416900AD8989 /* View */,
			);
			path = Navigation;
			sourceTree = "<group>";
		};
		D6FD09482BCC416900AD8989 /* View */ = {
			isa = PBXGroup;
			children = (
				D6CA773C2B40B68900C98AF3 /* MainView.swift */,
				D6C4589529D229210069D89B /* ContentView.swift */,
			);
			path = View;
			sourceTree = "<group>";
		};
		D6FD09492BCC417200AD8989 /* Model */ = {
			isa = PBXGroup;
			children = (
				D6CA773E2B40BB4D00C98AF3 /* Route.swift */,
			);
			path = Model;
			sourceTree = "<group>";
		};
		D6FD094A2BCC47F000AD8989 /* ChartService */ = {
			isa = PBXGroup;
			children = (
				D6FD094C2BCC48C700AD8989 /* Model */,
				D6FD094B2BCC48BE00AD8989 /* View */,
			);
			path = ChartService;
			sourceTree = "<group>";
		};
		D6FD094B2BCC48BE00AD8989 /* View */ = {
			isa = PBXGroup;
			children = (
				D64766C42AFEBD9D0013AC9A /* ChartLegendView.swift */,
				D6FA94FC2B013F060034B16A /* ChartLegendItemView.swift */,
			);
			path = View;
			sourceTree = "<group>";
		};
		D6FD094C2BCC48C700AD8989 /* Model */ = {
			isa = PBXGroup;
			children = (
				D6E6832D2B79502B009C6CEC /* ChartableEntry.swift */,
				D682AF912B3C77F5004EE208 /* ChartTimeRange.swift */,
				D66A4DF52B7AA72800D16110 /* ChartType.swift */,
				D6FA94FA2B013C770034B16A /* ChartLegendItem.swift */,
				D60480D92B122D3F00D6D70D /* ChartPeriodService.swift */,
			);
			path = Model;
			sourceTree = "<group>";
		};
		D6FD094D2BCC48E800AD8989 /* Persistance */ = {
			isa = PBXGroup;
			children = (
				D6FD094E2BCC490B00AD8989 /* Model */,
			);
			path = Persistance;
			sourceTree = "<group>";
		};
		D6FD094E2BCC490B00AD8989 /* Model */ = {
			isa = PBXGroup;
			children = (
				D64E6B102BE6B42000E961B6 /* DataManaging.swift */,
				D64574B129D9F16900207168 /* EntryMO+CoreDataClass.swift */,
				D64574B229D9F16900207168 /* EntryMO+CoreDataProperties.swift */,
				D65FD53C29D8B259006CC34F /* PersistanceController.swift */,
				D64574AF29D9E6A000207168 /* DataManager.swift */,
				D6EF97912BE7FB6900AD719C /* PreviewDataManager.swift */,
				D6EF97932BE81A4D00AD719C /* TestDataManager.swift */,
			);
			path = Model;
			sourceTree = "<group>";
		};
		D6FD094F2BCC494700AD8989 /* Model */ = {
			isa = PBXGroup;
			children = (
				D64574B529D9F37400207168 /* Entry.swift */,
				D682AF932B3D83A2004EE208 /* EntrySummary.swift */,
			);
			path = Model;
			sourceTree = "<group>";
		};
		D6FD09502BCC49C100AD8989 /* TimerService */ = {
			isa = PBXGroup;
			children = (
				D629CEF82B3613660036579D /* TimerService.swift */,
				D67633FC2BF5500500D45163 /* TimerServiceEvent.swift */,
				D67633FA2BF54F7F00D45163 /* TimerServiceState.swift */,
				D67633F82BF54E4300D45163 /* TimerModel.swift */,
				D67633FE2BF5536600D45163 /* TimerStore.swift */,
			);
			path = TimerService;
			sourceTree = "<group>";
		};
		D6FD09512BCC49ED00AD8989 /* NotificationService */ = {
			isa = PBXGroup;
			children = (
				D698F3EF2B5C131D00D9DFF4 /* NotificationService.swift */,
				D698F3F12B5C1F8600D9DFF4 /* AppNotification.swift */,
			);
			path = NotificationService;
			sourceTree = "<group>";
		};
		D6FD09522BCC4A5700AD8989 /* Model */ = {
			isa = PBXGroup;
			children = (
				D68732012B2243C9008CB0D4 /* PaginationState.swift */,
			);
			path = Model;
			sourceTree = "<group>";
		};
		D6FD09532BCC4A7A00AD8989 /* PayService */ = {
			isa = PBXGroup;
			children = (
				D617D43C2B4987480069AA3B /* GrossSalary.swift */,
				D6842EC329EC62DD00731E84 /* PayManager.swift */,
				D66A4DF72B7AA74F00D16110 /* Period.swift */,
			);
			path = PayService;
			sourceTree = "<group>";
		};
		D6FD09542BCC4DDB00AD8989 /* ViewComponent */ = {
			isa = PBXGroup;
			children = (
				D621C0C92B3B79850065DF8C /* CircleButton.swift */,
				D6FE20862B46EE0D00F931CD /* ConfirmDeleteRowView.swift */,
				D621C0CB2B3B8BE40065DF8C /* TimerIndicator.swift */,
				D69C8CDC2B44224100146EFA /* VerticalDivider.swift */,
				D69C8CD62B43687700146EFA /* CustomDatePickerContainer.swift */,
				D6C458C629D36C050069D89B /* RingView.swift */,
				D653FEEB2B320E1600ECFCF2 /* TimeIntervalPicker.swift */,
			);
			path = ViewComponent;
			sourceTree = "<group>";
		};
/* End PBXGroup section */

/* Begin PBXNativeTarget section */
		D6C4588F29D229210069D89B /* PunchPad */ = {
			isa = PBXNativeTarget;
			buildConfigurationList = D6C458B429D229230069D89B /* Build configuration list for PBXNativeTarget "PunchPad" */;
			buildPhases = (
				D6C4588C29D229210069D89B /* Sources */,
				D6C4588D29D229210069D89B /* Frameworks */,
				D6C4588E29D229210069D89B /* Resources */,
				D6FE208F2B4700AD00F931CD /* Embed Frameworks */,
			);
			buildRules = (
			);
			dependencies = (
			);
			name = PunchPad;
			productName = ClockIn;
			productReference = D6C4589029D229210069D89B /* PunchPad.app */;
			productType = "com.apple.product-type.application";
		};
		D6C4589F29D229230069D89B /* PunchPadTests */ = {
			isa = PBXNativeTarget;
			buildConfigurationList = D6C458B729D229230069D89B /* Build configuration list for PBXNativeTarget "PunchPadTests" */;
			buildPhases = (
				D6C4589C29D229230069D89B /* Sources */,
				D6C4589D29D229230069D89B /* Frameworks */,
				D6C4589E29D229230069D89B /* Resources */,
			);
			buildRules = (
			);
			dependencies = (
				D6C458A229D229230069D89B /* PBXTargetDependency */,
			);
			name = PunchPadTests;
			productName = ClockInTests;
			productReference = D6C458A029D229230069D89B /* PunchPadTests.xctest */;
			productType = "com.apple.product-type.bundle.unit-test";
		};
		D6C458A929D229230069D89B /* PunchPadUITests */ = {
			isa = PBXNativeTarget;
			buildConfigurationList = D6C458BA29D229230069D89B /* Build configuration list for PBXNativeTarget "PunchPadUITests" */;
			buildPhases = (
				D6C458A629D229230069D89B /* Sources */,
				D6C458A729D229230069D89B /* Frameworks */,
				D6C458A829D229230069D89B /* Resources */,
			);
			buildRules = (
			);
			dependencies = (
				D6C458AC29D229230069D89B /* PBXTargetDependency */,
			);
			name = PunchPadUITests;
			productName = ClockInUITests;
			productReference = D6C458AA29D229230069D89B /* PunchPadUITests.xctest */;
			productType = "com.apple.product-type.bundle.ui-testing";
		};
/* End PBXNativeTarget section */

/* Begin PBXProject section */
		D6C4588829D229200069D89B /* Project object */ = {
			isa = PBXProject;
			attributes = {
				BuildIndependentTargetsInParallel = 1;
				LastSwiftUpdateCheck = 1420;
				LastUpgradeCheck = 1420;
				TargetAttributes = {
					D6C4588F29D229210069D89B = {
						CreatedOnToolsVersion = 14.2;
					};
					D6C4589F29D229230069D89B = {
						CreatedOnToolsVersion = 14.2;
						TestTargetID = D6C4588F29D229210069D89B;
					};
					D6C458A929D229230069D89B = {
						CreatedOnToolsVersion = 14.2;
						TestTargetID = D6C4588F29D229210069D89B;
					};
				};
			};
			buildConfigurationList = D6C4588B29D229200069D89B /* Build configuration list for PBXProject "PunchPad" */;
			compatibilityVersion = "Xcode 14.0";
			developmentRegion = en;
			hasScannedForEncodings = 0;
			knownRegions = (
				en,
				Base,
			);
			mainGroup = D6C4588729D229200069D89B;
			productRefGroup = D6C4589129D229210069D89B /* Products */;
			projectDirPath = "";
			projectRoot = "";
			targets = (
				D6C4588F29D229210069D89B /* PunchPad */,
				D6C4589F29D229230069D89B /* PunchPadTests */,
				D6C458A929D229230069D89B /* PunchPadUITests */,
			);
		};
/* End PBXProject section */

/* Begin PBXResourcesBuildPhase section */
		D6C4588E29D229210069D89B /* Resources */ = {
			isa = PBXResourcesBuildPhase;
			buildActionMask = 2147483647;
			files = (
				D630A53F2B473A320098CA86 /* LaunchScreen.storyboard in Resources */,
				D6C4589B29D229230069D89B /* Preview Assets.xcassets in Resources */,
				D6CE83F12BD431FE00DA0882 /* Localizable.xcstrings in Resources */,
				D6C4589829D229230069D89B /* Assets.xcassets in Resources */,
			);
			runOnlyForDeploymentPostprocessing = 0;
		};
		D6C4589E29D229230069D89B /* Resources */ = {
			isa = PBXResourcesBuildPhase;
			buildActionMask = 2147483647;
			files = (
			);
			runOnlyForDeploymentPostprocessing = 0;
		};
		D6C458A829D229230069D89B /* Resources */ = {
			isa = PBXResourcesBuildPhase;
			buildActionMask = 2147483647;
			files = (
			);
			runOnlyForDeploymentPostprocessing = 0;
		};
/* End PBXResourcesBuildPhase section */

/* Begin PBXSourcesBuildPhase section */
		D6C4588C29D229210069D89B /* Sources */ = {
			isa = PBXSourcesBuildPhase;
			buildActionMask = 2147483647;
			files = (
				D684A3882AF6F3E700511E0D /* OnboardingWelcomeView.swift in Sources */,
				D6842EC429EC62DE00731E84 /* PayManager.swift in Sources */,
				D64766C52AFEBD9D0013AC9A /* ChartLegendView.swift in Sources */,
				D64E6B112BE6B42000E961B6 /* DataManaging.swift in Sources */,
				D64574B629D9F37400207168 /* Entry.swift in Sources */,
				D6EF97942BE81A4D00AD719C /* TestDataManager.swift in Sources */,
				D6E6832E2B79502B009C6CEC /* ChartableEntry.swift in Sources */,
				D6C458C729D36C050069D89B /* RingView.swift in Sources */,
				D66A4DF62B7AA72800D16110 /* ChartType.swift in Sources */,
				D6CBB8682B34ACF20074CE8B /* Calendar+Extension.swift in Sources */,
				D6EA695E2AF8498D00D8F6C3 /* OnboardingOvertimeView.swift in Sources */,
				D63719462BCE5B5C006536DA /* PreviewContainer.swift in Sources */,
				D682AF922B3C77F5004EE208 /* ChartTimeRange.swift in Sources */,
				D69C8CD72B43687700146EFA /* CustomDatePickerContainer.swift in Sources */,
				D63753B02B45DA5000386482 /* GreenBorderTextFieldStyle.swift in Sources */,
				D6E6B8772AF992F90073D911 /* OnboardingFinishView.swift in Sources */,
				D6CA773F2B40BB4D00C98AF3 /* Route.swift in Sources */,
				D6C3567B2B44AAB4007C23A3 /* ButtonStyle+Extension.swift in Sources */,
				D6CB2A7C2B05629200F3030C /* View+Extension.swift in Sources */,
				D64574B029D9E6A000207168 /* DataManager.swift in Sources */,
				D6EF97922BE7FB6900AD719C /* PreviewDataManager.swift in Sources */,
				D6D906B12AA12BDB004E09C9 /* BackgroundFactory.swift in Sources */,
				D6D02FB029EF0B7F006CD0B2 /* EditSheetViewModel.swift in Sources */,
				D67633FB2BF54F7F00D45163 /* TimerServiceState.swift in Sources */,
				D68732022B2243C9008CB0D4 /* PaginationState.swift in Sources */,
				D6FE20872B46EE0D00F931CD /* ConfirmDeleteRowView.swift in Sources */,
				D698F3F02B5C131D00D9DFF4 /* NotificationService.swift in Sources */,
				D6FA94FD2B013F060034B16A /* ChartLegendItemView.swift in Sources */,
				D67633F92BF54E4300D45163 /* TimerModel.swift in Sources */,
				D6E2C15B29D6C31800229286 /* HistoryViewModel.swift in Sources */,
				D6EA695C2AF8452A00D8F6C3 /* TextFactory.swift in Sources */,
				D6CE83F82BD4443300DA0882 /* Localized.swift in Sources */,
				D64574B329D9F16900207168 /* EntryMO+CoreDataClass.swift in Sources */,
				D64574B429D9F16900207168 /* EntryMO+CoreDataProperties.swift in Sources */,
				D653FEEC2B320E1600ECFCF2 /* TimeIntervalPicker.swift in Sources */,
				D682AF942B3D83A2004EE208 /* EntrySummary.swift in Sources */,
				D621C0CA2B3B79850065DF8C /* CircleButton.swift in Sources */,
				D6D906AE2AA0BEDE004E09C9 /* ScreenIdentifier.swift in Sources */,
				D61F11342AB3A6FF00902D6D /* ColorScheme+Extension.swift in Sources */,
				D684A38A2AF6F54B00511E0D /* ButtonFactory.swift in Sources */,
				D63719442BCDC060006536DA /* ContainerProtocol.swift in Sources */,
				D6C458C529D35EAA0069D89B /* SettingsView.swift in Sources */,
				D6FA94FB2B013C770034B16A /* ChartLegendItem.swift in Sources */,
				D67633FD2BF5500500D45163 /* TimerServiceEvent.swift in Sources */,
				D666ADCC2AC05A0500B74663 /* CaseIterable+Extension.swift in Sources */,
				D6CE83F62BD443CD00DA0882 /* Localization.swift in Sources */,
				D65FD53D29D8B259006CC34F /* PersistanceController.swift in Sources */,
				D6B2BDF42B27C22400CB4FA7 /* EmptyPlaceholderModifier.swift in Sources */,
				D60480DA2B122D3F00D6D70D /* ChartPeriodService.swift in Sources */,
				D66750EA29D713C900757F17 /* HistoryView.swift in Sources */,
				D64313B82B1E606B003B5DBC /* PreviewDataFactory.swift in Sources */,
				D66A4DF82B7AA74F00D16110 /* Period.swift in Sources */,
				D617D43D2B4987480069AA3B /* GrossSalary.swift in Sources */,
				D6C458C129D2DD4F0069D89B /* HomeViewModel.swift in Sources */,
				D6C4589629D229210069D89B /* ContentView.swift in Sources */,
				D63753AE2B45DA2000386482 /* TextFieldStyle+Extension.swift in Sources */,
				D67332E62AADB8B1005FFE7F /* LaunchArgument.swift in Sources */,
				D68384F929DB25DD00228491 /* SettingViewModel.swift in Sources */,
				D6C458C329D2DE2D0069D89B /* HomeView.swift in Sources */,
				D6CA773D2B40B68900C98AF3 /* MainView.swift in Sources */,
				D621C0CC2B3B8BE40065DF8C /* TimerIndicator.swift in Sources */,
				D6CBB86A2B34C7150074CE8B /* FormatterFactory.swift in Sources */,
				D69C8CDB2B4420D600146EFA /* CancelButtonStyle.swift in Sources */,
				D61F11312AB38F8700902D6D /* SettingsStore.swift in Sources */,
				D6842EC029EC178000731E84 /* StatisticsView.swift in Sources */,
				D698F3F22B5C1F8600D9DFF4 /* AppNotification.swift in Sources */,
				D629CEF92B3613660036579D /* TimerService.swift in Sources */,
				D66750EC29D71C8300757F17 /* HistoryRowView.swift in Sources */,
				D6EA695A2AF83E7800D8F6C3 /* OnboardingWorktimeView.swift in Sources */,
				D6E6B8732AF98A4B0073D911 /* OnboardingNotificationView.swift in Sources */,
				D6D02FAE29EF0B13006CD0B2 /* EditSheetView.swift in Sources */,
				D6AB737029F562E600D5DE82 /* OnboardingViewModel.swift in Sources */,
				D6C4589429D229210069D89B /* ClockInApp.swift in Sources */,
				D67633FF2BF5536600D45163 /* TimerStore.swift in Sources */,
				D6E2C15929D6C20E00229286 /* WorkHistory.xcdatamodeld in Sources */,
				D60EB9B62AB0D7000053136A /* Container.swift in Sources */,
				D6B2BDF22B27810700CB4FA7 /* DateFilterSheetView.swift in Sources */,
				D63719482BCE5C26006536DA /* TestContainer.swift in Sources */,
				D6E6B8752AF98EB40073D911 /* OnboardingSalaryView.swift in Sources */,
				D69C8CDD2B44224100146EFA /* VerticalDivider.swift in Sources */,
				D65A976F29F3BBDD00462D8C /* OnboardingView.swift in Sources */,
				D6842EC229EC179200731E84 /* StatisticsViewModel.swift in Sources */,
				D69C8CD92B44208C00146EFA /* ConfirmButtonStyle.swift in Sources */,
				D6FA94FF2B0145FF0034B16A /* ChartFactory.swift in Sources */,
			);
			runOnlyForDeploymentPostprocessing = 0;
		};
		D6C4589C29D229230069D89B /* Sources */ = {
			isa = PBXSourcesBuildPhase;
			buildActionMask = 2147483647;
			files = (
				D6842EC629EC6FDF00731E84 /* PayManagerTests.swift in Sources */,
				D65A976B29F2E6B800462D8C /* StatisticsViewModelTests.swift in Sources */,
				D61945EC29E7306B0046DE1F /* HomeViewModelTests.swift in Sources */,
				D60480D82B122CDA00D6D70D /* ChartPeriodServiceTests.swift in Sources */,
				D66A4DFA2B7AD3B000D16110 /* XCTestCase+Extension.swift in Sources */,
				D629CEFB2B363B500036579D /* TimerServiceTests.swift in Sources */,
				D61945F029E735D80046DE1F /* MockTimer.swift in Sources */,
				D6C458A529D229230069D89B /* ClockInTests.swift in Sources */,
				D6CBB8662B3443360074CE8B /* EditSheetViewModelTests.swift in Sources */,
				D6799EFC29E1BC0F0080E32A /* HistoryViewModelTests.swift in Sources */,
				D66A4E002B7AD46100D16110 /* Published+Extension.swift in Sources */,
			);
			runOnlyForDeploymentPostprocessing = 0;
		};
		D6C458A629D229230069D89B /* Sources */ = {
			isa = PBXSourcesBuildPhase;
			buildActionMask = 2147483647;
			files = (
				D6ED26BF2AA3BA05001E2390 /* OnboardingUITests.swift in Sources */,
				D6B7D1C82B0EB41A00E6F7A8 /* ContentViewScreen.swift in Sources */,
				D61007492AAB867C00503C28 /* HistoryViewScreen.swift in Sources */,
				D60D21F32AA330BC0055BE34 /* ScreenIdentifier.swift in Sources */,
				D60D21F22AA30F310055BE34 /* HomeViewScreen.swift in Sources */,
				D67332EA2AAE3D3D005FFE7F /* StatisticsUITests.swift in Sources */,
				D6C458B129D229230069D89B /* ClockInUITestsLaunchTests.swift in Sources */,
				D60D21F52AA357BA0055BE34 /* OnboardingViewScreen.swift in Sources */,
				D6C458AF29D229230069D89B /* ClockInUITests.swift in Sources */,
				D6ED26BD2AA3B739001E2390 /* StatisticsViewScreen.swift in Sources */,
				D60594DC2AA7A2C400B8B264 /* SettingsViewScreen.swift in Sources */,
				D67332E72AADB8B1005FFE7F /* LaunchArgument.swift in Sources */,
				D610074B2AAB8BC800503C28 /* HistoryViewUITests.swift in Sources */,
				D610074D2AAC77F300503C28 /* EditSheetScreen.swift in Sources */,
				D6B3B2662ABA237800101A1F /* SettingsViewUITests.swift in Sources */,
			);
			runOnlyForDeploymentPostprocessing = 0;
		};
/* End PBXSourcesBuildPhase section */

/* Begin PBXTargetDependency section */
		D6C458A229D229230069D89B /* PBXTargetDependency */ = {
			isa = PBXTargetDependency;
			target = D6C4588F29D229210069D89B /* PunchPad */;
			targetProxy = D6C458A129D229230069D89B /* PBXContainerItemProxy */;
		};
		D6C458AC29D229230069D89B /* PBXTargetDependency */ = {
			isa = PBXTargetDependency;
			target = D6C4588F29D229210069D89B /* PunchPad */;
			targetProxy = D6C458AB29D229230069D89B /* PBXContainerItemProxy */;
		};
/* End PBXTargetDependency section */

/* Begin XCBuildConfiguration section */
		D6C458B229D229230069D89B /* Debug */ = {
			isa = XCBuildConfiguration;
			buildSettings = {
				ALWAYS_SEARCH_USER_PATHS = NO;
				CLANG_ANALYZER_NONNULL = YES;
				CLANG_ANALYZER_NUMBER_OBJECT_CONVERSION = YES_AGGRESSIVE;
				CLANG_CXX_LANGUAGE_STANDARD = "gnu++20";
				CLANG_ENABLE_MODULES = YES;
				CLANG_ENABLE_OBJC_ARC = YES;
				CLANG_ENABLE_OBJC_WEAK = YES;
				CLANG_WARN_BLOCK_CAPTURE_AUTORELEASING = YES;
				CLANG_WARN_BOOL_CONVERSION = YES;
				CLANG_WARN_COMMA = YES;
				CLANG_WARN_CONSTANT_CONVERSION = YES;
				CLANG_WARN_DEPRECATED_OBJC_IMPLEMENTATIONS = YES;
				CLANG_WARN_DIRECT_OBJC_ISA_USAGE = YES_ERROR;
				CLANG_WARN_DOCUMENTATION_COMMENTS = YES;
				CLANG_WARN_EMPTY_BODY = YES;
				CLANG_WARN_ENUM_CONVERSION = YES;
				CLANG_WARN_INFINITE_RECURSION = YES;
				CLANG_WARN_INT_CONVERSION = YES;
				CLANG_WARN_NON_LITERAL_NULL_CONVERSION = YES;
				CLANG_WARN_OBJC_IMPLICIT_RETAIN_SELF = YES;
				CLANG_WARN_OBJC_LITERAL_CONVERSION = YES;
				CLANG_WARN_OBJC_ROOT_CLASS = YES_ERROR;
				CLANG_WARN_QUOTED_INCLUDE_IN_FRAMEWORK_HEADER = YES;
				CLANG_WARN_RANGE_LOOP_ANALYSIS = YES;
				CLANG_WARN_STRICT_PROTOTYPES = YES;
				CLANG_WARN_SUSPICIOUS_MOVE = YES;
				CLANG_WARN_UNGUARDED_AVAILABILITY = YES_AGGRESSIVE;
				CLANG_WARN_UNREACHABLE_CODE = YES;
				CLANG_WARN__DUPLICATE_METHOD_MATCH = YES;
				COPY_PHASE_STRIP = NO;
				DEBUG_INFORMATION_FORMAT = dwarf;
				ENABLE_STRICT_OBJC_MSGSEND = YES;
				ENABLE_TESTABILITY = YES;
				GCC_C_LANGUAGE_STANDARD = gnu11;
				GCC_DYNAMIC_NO_PIC = NO;
				GCC_NO_COMMON_BLOCKS = YES;
				GCC_OPTIMIZATION_LEVEL = 0;
				GCC_PREPROCESSOR_DEFINITIONS = (
					"DEBUG=1",
					"$(inherited)",
				);
				GCC_WARN_64_TO_32_BIT_CONVERSION = YES;
				GCC_WARN_ABOUT_RETURN_TYPE = YES_ERROR;
				GCC_WARN_UNDECLARED_SELECTOR = YES;
				GCC_WARN_UNINITIALIZED_AUTOS = YES_AGGRESSIVE;
				GCC_WARN_UNUSED_FUNCTION = YES;
				GCC_WARN_UNUSED_VARIABLE = YES;
				IPHONEOS_DEPLOYMENT_TARGET = 16.4;
				MTL_ENABLE_DEBUG_INFO = INCLUDE_SOURCE;
				MTL_FAST_MATH = YES;
				ONLY_ACTIVE_ARCH = YES;
				SDKROOT = iphoneos;
				SWIFT_ACTIVE_COMPILATION_CONDITIONS = DEBUG;
				SWIFT_OPTIMIZATION_LEVEL = "-Onone";
			};
			name = Debug;
		};
		D6C458B329D229230069D89B /* Release */ = {
			isa = XCBuildConfiguration;
			buildSettings = {
				ALWAYS_SEARCH_USER_PATHS = NO;
				CLANG_ANALYZER_NONNULL = YES;
				CLANG_ANALYZER_NUMBER_OBJECT_CONVERSION = YES_AGGRESSIVE;
				CLANG_CXX_LANGUAGE_STANDARD = "gnu++20";
				CLANG_ENABLE_MODULES = YES;
				CLANG_ENABLE_OBJC_ARC = YES;
				CLANG_ENABLE_OBJC_WEAK = YES;
				CLANG_WARN_BLOCK_CAPTURE_AUTORELEASING = YES;
				CLANG_WARN_BOOL_CONVERSION = YES;
				CLANG_WARN_COMMA = YES;
				CLANG_WARN_CONSTANT_CONVERSION = YES;
				CLANG_WARN_DEPRECATED_OBJC_IMPLEMENTATIONS = YES;
				CLANG_WARN_DIRECT_OBJC_ISA_USAGE = YES_ERROR;
				CLANG_WARN_DOCUMENTATION_COMMENTS = YES;
				CLANG_WARN_EMPTY_BODY = YES;
				CLANG_WARN_ENUM_CONVERSION = YES;
				CLANG_WARN_INFINITE_RECURSION = YES;
				CLANG_WARN_INT_CONVERSION = YES;
				CLANG_WARN_NON_LITERAL_NULL_CONVERSION = YES;
				CLANG_WARN_OBJC_IMPLICIT_RETAIN_SELF = YES;
				CLANG_WARN_OBJC_LITERAL_CONVERSION = YES;
				CLANG_WARN_OBJC_ROOT_CLASS = YES_ERROR;
				CLANG_WARN_QUOTED_INCLUDE_IN_FRAMEWORK_HEADER = YES;
				CLANG_WARN_RANGE_LOOP_ANALYSIS = YES;
				CLANG_WARN_STRICT_PROTOTYPES = YES;
				CLANG_WARN_SUSPICIOUS_MOVE = YES;
				CLANG_WARN_UNGUARDED_AVAILABILITY = YES_AGGRESSIVE;
				CLANG_WARN_UNREACHABLE_CODE = YES;
				CLANG_WARN__DUPLICATE_METHOD_MATCH = YES;
				COPY_PHASE_STRIP = NO;
				DEBUG_INFORMATION_FORMAT = "dwarf-with-dsym";
				ENABLE_NS_ASSERTIONS = NO;
				ENABLE_STRICT_OBJC_MSGSEND = YES;
				GCC_C_LANGUAGE_STANDARD = gnu11;
				GCC_NO_COMMON_BLOCKS = YES;
				GCC_WARN_64_TO_32_BIT_CONVERSION = YES;
				GCC_WARN_ABOUT_RETURN_TYPE = YES_ERROR;
				GCC_WARN_UNDECLARED_SELECTOR = YES;
				GCC_WARN_UNINITIALIZED_AUTOS = YES_AGGRESSIVE;
				GCC_WARN_UNUSED_FUNCTION = YES;
				GCC_WARN_UNUSED_VARIABLE = YES;
				IPHONEOS_DEPLOYMENT_TARGET = 16.4;
				MTL_ENABLE_DEBUG_INFO = NO;
				MTL_FAST_MATH = YES;
				SDKROOT = iphoneos;
				SWIFT_COMPILATION_MODE = wholemodule;
				SWIFT_OPTIMIZATION_LEVEL = "-O";
				VALIDATE_PRODUCT = YES;
			};
			name = Release;
		};
		D6C458B529D229230069D89B /* Debug */ = {
			isa = XCBuildConfiguration;
			buildSettings = {
				ASSETCATALOG_COMPILER_APPICON_NAME = AppIcon;
				ASSETCATALOG_COMPILER_GLOBAL_ACCENT_COLOR_NAME = AccentColor;
				ASSETCATALOG_COMPILER_INCLUDE_ALL_APPICON_ASSETS = YES;
				CODE_SIGN_STYLE = Automatic;
				CURRENT_PROJECT_VERSION = 1;
				DEVELOPMENT_ASSET_PATHS = "\"PunchPad/Preview Content\"";
				DEVELOPMENT_TEAM = 73N45UT488;
				ENABLE_PREVIEWS = YES;
				GENERATE_INFOPLIST_FILE = YES;
				INFOPLIST_KEY_LSApplicationCategoryType = "public.app-category.productivity";
				INFOPLIST_KEY_UIApplicationSceneManifest_Generation = YES;
				INFOPLIST_KEY_UIApplicationSupportsIndirectInputEvents = YES;
				INFOPLIST_KEY_UILaunchScreen_Generation = YES;
				INFOPLIST_KEY_UILaunchStoryboardName = LaunchScreen;
				INFOPLIST_KEY_UISupportedInterfaceOrientations = UIInterfaceOrientationPortrait;
				INFOPLIST_KEY_UISupportedInterfaceOrientations_iPad = "UIInterfaceOrientationLandscapeLeft UIInterfaceOrientationLandscapeRight UIInterfaceOrientationPortrait UIInterfaceOrientationPortraitUpsideDown";
				INFOPLIST_KEY_UIUserInterfaceStyle = Light;
				LD_RUNPATH_SEARCH_PATHS = (
					"$(inherited)",
					"@executable_path/Frameworks",
				);
				MARKETING_VERSION = 0.1.3;
				PRODUCT_BUNDLE_IDENTIFIER = tomasz.m.kubiak.PunchPad;
				PRODUCT_NAME = "$(TARGET_NAME)";
				SUPPORTED_PLATFORMS = "iphoneos iphonesimulator";
				SUPPORTS_MACCATALYST = NO;
				SUPPORTS_MAC_DESIGNED_FOR_IPHONE_IPAD = NO;
				SUPPORTS_XR_DESIGNED_FOR_IPHONE_IPAD = NO;
				SWIFT_EMIT_LOC_STRINGS = YES;
				SWIFT_VERSION = 5.0;
				TARGETED_DEVICE_FAMILY = 1;
			};
			name = Debug;
		};
		D6C458B629D229230069D89B /* Release */ = {
			isa = XCBuildConfiguration;
			buildSettings = {
				ASSETCATALOG_COMPILER_APPICON_NAME = AppIcon;
				ASSETCATALOG_COMPILER_GLOBAL_ACCENT_COLOR_NAME = AccentColor;
				ASSETCATALOG_COMPILER_INCLUDE_ALL_APPICON_ASSETS = YES;
				CODE_SIGN_STYLE = Automatic;
				CURRENT_PROJECT_VERSION = 1;
				DEVELOPMENT_ASSET_PATHS = "\"PunchPad/Preview Content\"";
				DEVELOPMENT_TEAM = 73N45UT488;
				ENABLE_PREVIEWS = YES;
				GENERATE_INFOPLIST_FILE = YES;
				INFOPLIST_KEY_LSApplicationCategoryType = "public.app-category.productivity";
				INFOPLIST_KEY_UIApplicationSceneManifest_Generation = YES;
				INFOPLIST_KEY_UIApplicationSupportsIndirectInputEvents = YES;
				INFOPLIST_KEY_UILaunchScreen_Generation = YES;
				INFOPLIST_KEY_UILaunchStoryboardName = LaunchScreen;
				INFOPLIST_KEY_UISupportedInterfaceOrientations = UIInterfaceOrientationPortrait;
				INFOPLIST_KEY_UISupportedInterfaceOrientations_iPad = "UIInterfaceOrientationLandscapeLeft UIInterfaceOrientationLandscapeRight UIInterfaceOrientationPortrait UIInterfaceOrientationPortraitUpsideDown";
				INFOPLIST_KEY_UIUserInterfaceStyle = Light;
				LD_RUNPATH_SEARCH_PATHS = (
					"$(inherited)",
					"@executable_path/Frameworks",
				);
				MARKETING_VERSION = 0.1.3;
				PRODUCT_BUNDLE_IDENTIFIER = tomasz.m.kubiak.PunchPad;
				PRODUCT_NAME = "$(TARGET_NAME)";
				SUPPORTED_PLATFORMS = "iphoneos iphonesimulator";
				SUPPORTS_MACCATALYST = NO;
				SUPPORTS_MAC_DESIGNED_FOR_IPHONE_IPAD = NO;
				SUPPORTS_XR_DESIGNED_FOR_IPHONE_IPAD = NO;
				SWIFT_EMIT_LOC_STRINGS = YES;
				SWIFT_VERSION = 5.0;
				TARGETED_DEVICE_FAMILY = 1;
			};
			name = Release;
		};
		D6C458B829D229230069D89B /* Debug */ = {
			isa = XCBuildConfiguration;
			buildSettings = {
				ALWAYS_EMBED_SWIFT_STANDARD_LIBRARIES = YES;
				BUNDLE_LOADER = "$(TEST_HOST)";
				CODE_SIGN_STYLE = Automatic;
				CURRENT_PROJECT_VERSION = 1;
				DEVELOPMENT_TEAM = 73N45UT488;
				GENERATE_INFOPLIST_FILE = YES;
				IPHONEOS_DEPLOYMENT_TARGET = 16.4;
				MARKETING_VERSION = 1.0;
				PRODUCT_BUNDLE_IDENTIFIER = tomaszkubiak.ClockInTests;
				PRODUCT_NAME = "$(TARGET_NAME)";
				SWIFT_EMIT_LOC_STRINGS = NO;
				SWIFT_VERSION = 5.0;
				TARGETED_DEVICE_FAMILY = "1,2";
				TEST_HOST = "$(BUILT_PRODUCTS_DIR)/PunchPad.app/$(BUNDLE_EXECUTABLE_FOLDER_PATH)/PunchPad";
			};
			name = Debug;
		};
		D6C458B929D229230069D89B /* Release */ = {
			isa = XCBuildConfiguration;
			buildSettings = {
				ALWAYS_EMBED_SWIFT_STANDARD_LIBRARIES = YES;
				BUNDLE_LOADER = "$(TEST_HOST)";
				CODE_SIGN_STYLE = Automatic;
				CURRENT_PROJECT_VERSION = 1;
				DEVELOPMENT_TEAM = 73N45UT488;
				GENERATE_INFOPLIST_FILE = YES;
				IPHONEOS_DEPLOYMENT_TARGET = 16.4;
				MARKETING_VERSION = 1.0;
				PRODUCT_BUNDLE_IDENTIFIER = tomaszkubiak.ClockInTests;
				PRODUCT_NAME = "$(TARGET_NAME)";
				SWIFT_EMIT_LOC_STRINGS = NO;
				SWIFT_VERSION = 5.0;
				TARGETED_DEVICE_FAMILY = "1,2";
				TEST_HOST = "$(BUILT_PRODUCTS_DIR)/PunchPad.app/$(BUNDLE_EXECUTABLE_FOLDER_PATH)/PunchPad";
			};
			name = Release;
		};
		D6C458BB29D229230069D89B /* Debug */ = {
			isa = XCBuildConfiguration;
			buildSettings = {
				ALWAYS_EMBED_SWIFT_STANDARD_LIBRARIES = YES;
				CODE_SIGN_STYLE = Automatic;
				CURRENT_PROJECT_VERSION = 1;
				DEVELOPMENT_TEAM = 73N45UT488;
				GENERATE_INFOPLIST_FILE = YES;
				MARKETING_VERSION = 1.0;
				PRODUCT_BUNDLE_IDENTIFIER = tomaszkubiak.ClockInUITests;
				PRODUCT_NAME = "$(TARGET_NAME)";
				SWIFT_EMIT_LOC_STRINGS = NO;
				SWIFT_VERSION = 5.0;
				TARGETED_DEVICE_FAMILY = "1,2";
				TEST_TARGET_NAME = ClockIn;
			};
			name = Debug;
		};
		D6C458BC29D229230069D89B /* Release */ = {
			isa = XCBuildConfiguration;
			buildSettings = {
				ALWAYS_EMBED_SWIFT_STANDARD_LIBRARIES = YES;
				CODE_SIGN_STYLE = Automatic;
				CURRENT_PROJECT_VERSION = 1;
				DEVELOPMENT_TEAM = 73N45UT488;
				GENERATE_INFOPLIST_FILE = YES;
				MARKETING_VERSION = 1.0;
				PRODUCT_BUNDLE_IDENTIFIER = tomaszkubiak.ClockInUITests;
				PRODUCT_NAME = "$(TARGET_NAME)";
				SWIFT_EMIT_LOC_STRINGS = NO;
				SWIFT_VERSION = 5.0;
				TARGETED_DEVICE_FAMILY = "1,2";
				TEST_TARGET_NAME = ClockIn;
			};
			name = Release;
		};
/* End XCBuildConfiguration section */

/* Begin XCConfigurationList section */
		D6C4588B29D229200069D89B /* Build configuration list for PBXProject "PunchPad" */ = {
			isa = XCConfigurationList;
			buildConfigurations = (
				D6C458B229D229230069D89B /* Debug */,
				D6C458B329D229230069D89B /* Release */,
			);
			defaultConfigurationIsVisible = 0;
			defaultConfigurationName = Release;
		};
		D6C458B429D229230069D89B /* Build configuration list for PBXNativeTarget "PunchPad" */ = {
			isa = XCConfigurationList;
			buildConfigurations = (
				D6C458B529D229230069D89B /* Debug */,
				D6C458B629D229230069D89B /* Release */,
			);
			defaultConfigurationIsVisible = 0;
			defaultConfigurationName = Release;
		};
		D6C458B729D229230069D89B /* Build configuration list for PBXNativeTarget "PunchPadTests" */ = {
			isa = XCConfigurationList;
			buildConfigurations = (
				D6C458B829D229230069D89B /* Debug */,
				D6C458B929D229230069D89B /* Release */,
			);
			defaultConfigurationIsVisible = 0;
			defaultConfigurationName = Release;
		};
		D6C458BA29D229230069D89B /* Build configuration list for PBXNativeTarget "PunchPadUITests" */ = {
			isa = XCConfigurationList;
			buildConfigurations = (
				D6C458BB29D229230069D89B /* Debug */,
				D6C458BC29D229230069D89B /* Release */,
			);
			defaultConfigurationIsVisible = 0;
			defaultConfigurationName = Release;
		};
/* End XCConfigurationList section */

/* Begin XCVersionGroup section */
		D6E2C15729D6C20E00229286 /* WorkHistory.xcdatamodeld */ = {
			isa = XCVersionGroup;
			children = (
				D6E2C15829D6C20E00229286 /* WorkHistory.xcdatamodel */,
			);
			currentVersion = D6E2C15829D6C20E00229286 /* WorkHistory.xcdatamodel */;
			path = WorkHistory.xcdatamodeld;
			sourceTree = "<group>";
			versionGroupType = wrapper.xcdatamodel;
		};
/* End XCVersionGroup section */
	};
	rootObject = D6C4588829D229200069D89B /* Project object */;
}
