// !$*UTF8*$!
{
	archiveVersion = 1;
	classes = {
	};
	objectVersion = 56;
	objects = {

/* Begin PBXBuildFile section */
		D62651062B3F130A0089A84B /* NavigationKit.h in Headers */ = {isa = PBXBuildFile; fileRef = D62651052B3F130A0089A84B /* NavigationKit.h */; settings = {ATTRIBUTES = (Public, ); }; };
		D626510D2B3F135D0089A84B /* NavBarTitleConfiguration.swift in Sources */ = {isa = PBXBuildFile; fileRef = D626510C2B3F135D0089A84B /* NavBarTitleConfiguration.swift */; };
		D626510F2B3F13DC0089A84B /* _EquatableView.swift in Sources */ = {isa = PBXBuildFile; fileRef = D626510E2B3F13DC0089A84B /* _EquatableView.swift */; };
		D62651112B3F15570089A84B /* CustomNavigationBarView.swift in Sources */ = {isa = PBXBuildFile; fileRef = D62651102B3F15570089A84B /* CustomNavigationBarView.swift */; };
		D62651132B3F175F0089A84B /* NavigationBarWrapper.swift in Sources */ = {isa = PBXBuildFile; fileRef = D62651122B3F175F0089A84B /* NavigationBarWrapper.swift */; };
		D62651152B3F1A3A0089A84B /* View+Extension.swift in Sources */ = {isa = PBXBuildFile; fileRef = D62651142B3F1A3A0089A84B /* View+Extension.swift */; };
		D62651182B3F465C0089A84B /* NavBarScrollingPrefKey.swift in Sources */ = {isa = PBXBuildFile; fileRef = D62651172B3F465C0089A84B /* NavBarScrollingPrefKey.swift */; };
		D626511A2B3F470F0089A84B /* CustomNavBarPrefKey.swift in Sources */ = {isa = PBXBuildFile; fileRef = D62651192B3F470F0089A84B /* CustomNavBarPrefKey.swift */; };
		D626511C2B3F47260089A84B /* NavBarTrailingPrefKey.swift in Sources */ = {isa = PBXBuildFile; fileRef = D626511B2B3F47260089A84B /* NavBarTrailingPrefKey.swift */; };
		D626511E2B3F47400089A84B /* NavBarLeadingPrefKey.swift in Sources */ = {isa = PBXBuildFile; fileRef = D626511D2B3F47400089A84B /* NavBarLeadingPrefKey.swift */; };
		D62651202B3F47560089A84B /* NavBarBackgroundPrefKey.swift in Sources */ = {isa = PBXBuildFile; fileRef = D626511F2B3F47560089A84B /* NavBarBackgroundPrefKey.swift */; };
		D62651222B3F476C0089A84B /* NavBarConfigPrefKey.swift in Sources */ = {isa = PBXBuildFile; fileRef = D62651212B3F476C0089A84B /* NavBarConfigPrefKey.swift */; };
		D62651242B3F477C0089A84B /* NavBarHiddenPrefKey.swift in Sources */ = {isa = PBXBuildFile; fileRef = D62651232B3F477C0089A84B /* NavBarHiddenPrefKey.swift */; };
		D62651272B3F482B0089A84B /* ViewControllerRepresentable.swift in Sources */ = {isa = PBXBuildFile; fileRef = D62651262B3F482B0089A84B /* ViewControllerRepresentable.swift */; };
		D62651292B3F48900089A84B /* ViewController.swift in Sources */ = {isa = PBXBuildFile; fileRef = D62651282B3F48900089A84B /* ViewController.swift */; };
		D626512B2B3F48EC0089A84B /* NavBarConfigurationState.swift in Sources */ = {isa = PBXBuildFile; fileRef = D626512A2B3F48EC0089A84B /* NavBarConfigurationState.swift */; };
		D626512D2B3F494D0089A84B /* NavigationBarConfiguration.swift in Sources */ = {isa = PBXBuildFile; fileRef = D626512C2B3F494D0089A84B /* NavigationBarConfiguration.swift */; };
		D626512F2B3F569F0089A84B /* _SwiftUIView.swift in Sources */ = {isa = PBXBuildFile; fileRef = D626512E2B3F569F0089A84B /* _SwiftUIView.swift */; };
		D62651342B3F5A950089A84B /* _NavigationController.swift in Sources */ = {isa = PBXBuildFile; fileRef = D62651332B3F5A950089A84B /* _NavigationController.swift */; };
		D62651362B3F5C9D0089A84B /* _NavigationControllerWrapper.swift in Sources */ = {isa = PBXBuildFile; fileRef = D62651352B3F5C9D0089A84B /* _NavigationControllerWrapper.swift */; };
		D62651382B3F5D410089A84B /* NavigatorDelegate.swift in Sources */ = {isa = PBXBuildFile; fileRef = D62651372B3F5D410089A84B /* NavigatorDelegate.swift */; };
		D626513A2B3F5DD70089A84B /* NavHost.swift in Sources */ = {isa = PBXBuildFile; fileRef = D62651392B3F5DD70089A84B /* NavHost.swift */; };
		D626513C2B3F5E020089A84B /* Navigator.swift in Sources */ = {isa = PBXBuildFile; fileRef = D626513B2B3F5E020089A84B /* Navigator.swift */; };
		D6C89A242B5734FA00B9EEC9 /* NavBarColorConfiguration.swift in Sources */ = {isa = PBXBuildFile; fileRef = D6C89A232B5734FA00B9EEC9 /* NavBarColorConfiguration.swift */; };
		D6CA77422B4171D700C98AF3 /* ThemeKit.framework in Frameworks */ = {isa = PBXBuildFile; fileRef = D6CA77412B4171D700C98AF3 /* ThemeKit.framework */; settings = {ATTRIBUTES = (Required, ); }; };
/* End PBXBuildFile section */

/* Begin PBXFileReference section */
		D62651022B3F130A0089A84B /* NavigationKit.framework */ = {isa = PBXFileReference; explicitFileType = wrapper.framework; includeInIndex = 0; path = NavigationKit.framework; sourceTree = BUILT_PRODUCTS_DIR; };
		D62651052B3F130A0089A84B /* NavigationKit.h */ = {isa = PBXFileReference; lastKnownFileType = sourcecode.c.h; path = NavigationKit.h; sourceTree = "<group>"; };
		D626510C2B3F135D0089A84B /* NavBarTitleConfiguration.swift */ = {isa = PBXFileReference; lastKnownFileType = sourcecode.swift; path = NavBarTitleConfiguration.swift; sourceTree = "<group>"; };
		D626510E2B3F13DC0089A84B /* _EquatableView.swift */ = {isa = PBXFileReference; lastKnownFileType = sourcecode.swift; path = _EquatableView.swift; sourceTree = "<group>"; };
		D62651102B3F15570089A84B /* CustomNavigationBarView.swift */ = {isa = PBXFileReference; lastKnownFileType = sourcecode.swift; path = CustomNavigationBarView.swift; sourceTree = "<group>"; };
		D62651122B3F175F0089A84B /* NavigationBarWrapper.swift */ = {isa = PBXFileReference; lastKnownFileType = sourcecode.swift; path = NavigationBarWrapper.swift; sourceTree = "<group>"; };
		D62651142B3F1A3A0089A84B /* View+Extension.swift */ = {isa = PBXFileReference; lastKnownFileType = sourcecode.swift; path = "View+Extension.swift"; sourceTree = "<group>"; };
		D62651172B3F465C0089A84B /* NavBarScrollingPrefKey.swift */ = {isa = PBXFileReference; lastKnownFileType = sourcecode.swift; path = NavBarScrollingPrefKey.swift; sourceTree = "<group>"; };
		D62651192B3F470F0089A84B /* CustomNavBarPrefKey.swift */ = {isa = PBXFileReference; lastKnownFileType = sourcecode.swift; path = CustomNavBarPrefKey.swift; sourceTree = "<group>"; };
		D626511B2B3F47260089A84B /* NavBarTrailingPrefKey.swift */ = {isa = PBXFileReference; lastKnownFileType = sourcecode.swift; path = NavBarTrailingPrefKey.swift; sourceTree = "<group>"; };
		D626511D2B3F47400089A84B /* NavBarLeadingPrefKey.swift */ = {isa = PBXFileReference; lastKnownFileType = sourcecode.swift; path = NavBarLeadingPrefKey.swift; sourceTree = "<group>"; };
		D626511F2B3F47560089A84B /* NavBarBackgroundPrefKey.swift */ = {isa = PBXFileReference; lastKnownFileType = sourcecode.swift; path = NavBarBackgroundPrefKey.swift; sourceTree = "<group>"; };
		D62651212B3F476C0089A84B /* NavBarConfigPrefKey.swift */ = {isa = PBXFileReference; lastKnownFileType = sourcecode.swift; path = NavBarConfigPrefKey.swift; sourceTree = "<group>"; };
		D62651232B3F477C0089A84B /* NavBarHiddenPrefKey.swift */ = {isa = PBXFileReference; lastKnownFileType = sourcecode.swift; path = NavBarHiddenPrefKey.swift; sourceTree = "<group>"; };
		D62651262B3F482B0089A84B /* ViewControllerRepresentable.swift */ = {isa = PBXFileReference; lastKnownFileType = sourcecode.swift; path = ViewControllerRepresentable.swift; sourceTree = "<group>"; };
		D62651282B3F48900089A84B /* ViewController.swift */ = {isa = PBXFileReference; lastKnownFileType = sourcecode.swift; path = ViewController.swift; sourceTree = "<group>"; };
		D626512A2B3F48EC0089A84B /* NavBarConfigurationState.swift */ = {isa = PBXFileReference; lastKnownFileType = sourcecode.swift; path = NavBarConfigurationState.swift; sourceTree = "<group>"; };
		D626512C2B3F494D0089A84B /* NavigationBarConfiguration.swift */ = {isa = PBXFileReference; lastKnownFileType = sourcecode.swift; path = NavigationBarConfiguration.swift; sourceTree = "<group>"; };
		D626512E2B3F569F0089A84B /* _SwiftUIView.swift */ = {isa = PBXFileReference; lastKnownFileType = sourcecode.swift; path = _SwiftUIView.swift; sourceTree = "<group>"; };
		D62651332B3F5A950089A84B /* _NavigationController.swift */ = {isa = PBXFileReference; lastKnownFileType = sourcecode.swift; path = _NavigationController.swift; sourceTree = "<group>"; };
		D62651352B3F5C9D0089A84B /* _NavigationControllerWrapper.swift */ = {isa = PBXFileReference; lastKnownFileType = sourcecode.swift; path = _NavigationControllerWrapper.swift; sourceTree = "<group>"; };
		D62651372B3F5D410089A84B /* NavigatorDelegate.swift */ = {isa = PBXFileReference; lastKnownFileType = sourcecode.swift; path = NavigatorDelegate.swift; sourceTree = "<group>"; };
		D62651392B3F5DD70089A84B /* NavHost.swift */ = {isa = PBXFileReference; lastKnownFileType = sourcecode.swift; path = NavHost.swift; sourceTree = "<group>"; };
		D626513B2B3F5E020089A84B /* Navigator.swift */ = {isa = PBXFileReference; lastKnownFileType = sourcecode.swift; path = Navigator.swift; sourceTree = "<group>"; };
		D6C89A232B5734FA00B9EEC9 /* NavBarColorConfiguration.swift */ = {isa = PBXFileReference; lastKnownFileType = sourcecode.swift; path = NavBarColorConfiguration.swift; sourceTree = "<group>"; };
		D6CA77412B4171D700C98AF3 /* ThemeKit.framework */ = {isa = PBXFileReference; explicitFileType = wrapper.framework; path = ThemeKit.framework; sourceTree = BUILT_PRODUCTS_DIR; };
/* End PBXFileReference section */

/* Begin PBXFrameworksBuildPhase section */
		D62650FF2B3F130A0089A84B /* Frameworks */ = {
			isa = PBXFrameworksBuildPhase;
			buildActionMask = 2147483647;
			files = (
				D6CA77422B4171D700C98AF3 /* ThemeKit.framework in Frameworks */,
			);
			runOnlyForDeploymentPostprocessing = 0;
		};
/* End PBXFrameworksBuildPhase section */

/* Begin PBXGroup section */
		D62650F82B3F130A0089A84B = {
			isa = PBXGroup;
			children = (
				D62651042B3F130A0089A84B /* NavigationKit */,
				D62651032B3F130A0089A84B /* Products */,
				D6CA77402B4171D700C98AF3 /* Frameworks */,
			);
			sourceTree = "<group>";
		};
		D62651032B3F130A0089A84B /* Products */ = {
			isa = PBXGroup;
			children = (
				D62651022B3F130A0089A84B /* NavigationKit.framework */,
			);
			name = Products;
			sourceTree = "<group>";
		};
		D62651042B3F130A0089A84B /* NavigationKit */ = {
			isa = PBXGroup;
			children = (
				D62651252B3F47930089A84B /* Extension */,
				D62651162B3F463D0089A84B /* PreferenceKey */,
				D62651052B3F130A0089A84B /* NavigationKit.h */,
				D62651312B3F56F40089A84B /* UIKit */,
				D62651302B3F56E60089A84B /* View */,
				D626512C2B3F494D0089A84B /* NavigationBarConfiguration.swift */,
				D62651372B3F5D410089A84B /* NavigatorDelegate.swift */,
				D62651392B3F5DD70089A84B /* NavHost.swift */,
				D626513B2B3F5E020089A84B /* Navigator.swift */,
				D62651322B3F57130089A84B /* Model */,
			);
			path = NavigationKit;
			sourceTree = "<group>";
		};
		D62651162B3F463D0089A84B /* PreferenceKey */ = {
			isa = PBXGroup;
			children = (
				D62651172B3F465C0089A84B /* NavBarScrollingPrefKey.swift */,
				D62651192B3F470F0089A84B /* CustomNavBarPrefKey.swift */,
				D626511B2B3F47260089A84B /* NavBarTrailingPrefKey.swift */,
				D626511D2B3F47400089A84B /* NavBarLeadingPrefKey.swift */,
				D626511F2B3F47560089A84B /* NavBarBackgroundPrefKey.swift */,
				D62651212B3F476C0089A84B /* NavBarConfigPrefKey.swift */,
				D62651232B3F477C0089A84B /* NavBarHiddenPrefKey.swift */,
			);
			path = PreferenceKey;
			sourceTree = "<group>";
		};
		D62651252B3F47930089A84B /* Extension */ = {
			isa = PBXGroup;
			children = (
				D62651142B3F1A3A0089A84B /* View+Extension.swift */,
			);
			path = Extension;
			sourceTree = "<group>";
		};
		D62651302B3F56E60089A84B /* View */ = {
			isa = PBXGroup;
			children = (
				D626512E2B3F569F0089A84B /* _SwiftUIView.swift */,
				D62651122B3F175F0089A84B /* NavigationBarWrapper.swift */,
				D62651102B3F15570089A84B /* CustomNavigationBarView.swift */,
				D626510E2B3F13DC0089A84B /* _EquatableView.swift */,
			);
			path = View;
			sourceTree = "<group>";
		};
		D62651312B3F56F40089A84B /* UIKit */ = {
			isa = PBXGroup;
			children = (
				D62651262B3F482B0089A84B /* ViewControllerRepresentable.swift */,
				D62651282B3F48900089A84B /* ViewController.swift */,
				D62651332B3F5A950089A84B /* _NavigationController.swift */,
				D62651352B3F5C9D0089A84B /* _NavigationControllerWrapper.swift */,
			);
			path = UIKit;
			sourceTree = "<group>";
		};
		D62651322B3F57130089A84B /* Model */ = {
			isa = PBXGroup;
			children = (
				D626512A2B3F48EC0089A84B /* NavBarConfigurationState.swift */,
				D626510C2B3F135D0089A84B /* NavBarTitleConfiguration.swift */,
				D6C89A232B5734FA00B9EEC9 /* NavBarColorConfiguration.swift */,
			);
			path = Model;
			sourceTree = "<group>";
		};
		D6CA77402B4171D700C98AF3 /* Frameworks */ = {
			isa = PBXGroup;
			children = (
				D6CA77412B4171D700C98AF3 /* ThemeKit.framework */,
			);
			name = Frameworks;
			sourceTree = "<group>";
		};
/* End PBXGroup section */

/* Begin PBXHeadersBuildPhase section */
		D62650FD2B3F130A0089A84B /* Headers */ = {
			isa = PBXHeadersBuildPhase;
			buildActionMask = 2147483647;
			files = (
				D62651062B3F130A0089A84B /* NavigationKit.h in Headers */,
			);
			runOnlyForDeploymentPostprocessing = 0;
		};
/* End PBXHeadersBuildPhase section */

/* Begin PBXNativeTarget section */
		D62651012B3F130A0089A84B /* NavigationKit */ = {
			isa = PBXNativeTarget;
			buildConfigurationList = D62651092B3F130A0089A84B /* Build configuration list for PBXNativeTarget "NavigationKit" */;
			buildPhases = (
				D62650FD2B3F130A0089A84B /* Headers */,
				D62650FE2B3F130A0089A84B /* Sources */,
				D62650FF2B3F130A0089A84B /* Frameworks */,
				D62651002B3F130A0089A84B /* Resources */,
			);
			buildRules = (
			);
			dependencies = (
			);
			name = NavigationKit;
			productName = NavigationKit;
			productReference = D62651022B3F130A0089A84B /* NavigationKit.framework */;
			productType = "com.apple.product-type.framework";
		};
/* End PBXNativeTarget section */

/* Begin PBXProject section */
		D62650F92B3F130A0089A84B /* Project object */ = {
			isa = PBXProject;
			attributes = {
				BuildIndependentTargetsInParallel = 1;
				LastUpgradeCheck = 1500;
				TargetAttributes = {
					D62651012B3F130A0089A84B = {
						CreatedOnToolsVersion = 15.0.1;
						LastSwiftMigration = 1500;
					};
				};
			};
			buildConfigurationList = D62650FC2B3F130A0089A84B /* Build configuration list for PBXProject "NavigationKit" */;
			compatibilityVersion = "Xcode 14.0";
			developmentRegion = en;
			hasScannedForEncodings = 0;
			knownRegions = (
				en,
				Base,
			);
			mainGroup = D62650F82B3F130A0089A84B;
			productRefGroup = D62651032B3F130A0089A84B /* Products */;
			projectDirPath = "";
			projectRoot = "";
			targets = (
				D62651012B3F130A0089A84B /* NavigationKit */,
			);
		};
/* End PBXProject section */

/* Begin PBXResourcesBuildPhase section */
		D62651002B3F130A0089A84B /* Resources */ = {
			isa = PBXResourcesBuildPhase;
			buildActionMask = 2147483647;
			files = (
			);
			runOnlyForDeploymentPostprocessing = 0;
		};
/* End PBXResourcesBuildPhase section */

/* Begin PBXSourcesBuildPhase section */
		D62650FE2B3F130A0089A84B /* Sources */ = {
			isa = PBXSourcesBuildPhase;
			buildActionMask = 2147483647;
			files = (
				D626512F2B3F569F0089A84B /* _SwiftUIView.swift in Sources */,
				D626513A2B3F5DD70089A84B /* NavHost.swift in Sources */,
				D626512D2B3F494D0089A84B /* NavigationBarConfiguration.swift in Sources */,
				D626511C2B3F47260089A84B /* NavBarTrailingPrefKey.swift in Sources */,
				D62651362B3F5C9D0089A84B /* _NavigationControllerWrapper.swift in Sources */,
				D626513C2B3F5E020089A84B /* Navigator.swift in Sources */,
				D62651112B3F15570089A84B /* CustomNavigationBarView.swift in Sources */,
				D626510D2B3F135D0089A84B /* NavBarTitleConfiguration.swift in Sources */,
				D62651342B3F5A950089A84B /* _NavigationController.swift in Sources */,
				D62651152B3F1A3A0089A84B /* View+Extension.swift in Sources */,
				D62651292B3F48900089A84B /* ViewController.swift in Sources */,
				D62651272B3F482B0089A84B /* ViewControllerRepresentable.swift in Sources */,
				D62651242B3F477C0089A84B /* NavBarHiddenPrefKey.swift in Sources */,
				D626511A2B3F470F0089A84B /* CustomNavBarPrefKey.swift in Sources */,
				D626510F2B3F13DC0089A84B /* _EquatableView.swift in Sources */,
				D62651202B3F47560089A84B /* NavBarBackgroundPrefKey.swift in Sources */,
				D6C89A242B5734FA00B9EEC9 /* NavBarColorConfiguration.swift in Sources */,
				D62651182B3F465C0089A84B /* NavBarScrollingPrefKey.swift in Sources */,
				D626512B2B3F48EC0089A84B /* NavBarConfigurationState.swift in Sources */,
				D62651382B3F5D410089A84B /* NavigatorDelegate.swift in Sources */,
				D626511E2B3F47400089A84B /* NavBarLeadingPrefKey.swift in Sources */,
				D62651132B3F175F0089A84B /* NavigationBarWrapper.swift in Sources */,
				D62651222B3F476C0089A84B /* NavBarConfigPrefKey.swift in Sources */,
			);
			runOnlyForDeploymentPostprocessing = 0;
		};
/* End PBXSourcesBuildPhase section */

/* Begin XCBuildConfiguration section */
		D62651072B3F130A0089A84B /* Debug */ = {
			isa = XCBuildConfiguration;
			buildSettings = {
				ALWAYS_SEARCH_USER_PATHS = NO;
				ASSETCATALOG_COMPILER_GENERATE_SWIFT_ASSET_SYMBOL_EXTENSIONS = YES;
				CLANG_ANALYZER_NONNULL = YES;
				CLANG_ANALYZER_NUMBER_OBJECT_CONVERSION = YES_AGGRESSIVE;
				CLANG_CXX_LANGUAGE_STANDARD = "gnu++20";
				CLANG_ENABLE_MODULES = YES;
				CLANG_ENABLE_OBJC_ARC = YES;
				CLANG_ENABLE_OBJC_WEAK = YES;
				CLANG_WARN_BLOCK_CAPTURE_AUTORELEASING = YES;
				CLANG_WARN_BOOL_CONVERSION = YES;
				CLANG_WARN_COMMA = YES;
				CLANG_WARN_CONSTANT_CONVERSION = YES;
				CLANG_WARN_DEPRECATED_OBJC_IMPLEMENTATIONS = YES;
				CLANG_WARN_DIRECT_OBJC_ISA_USAGE = YES_ERROR;
				CLANG_WARN_DOCUMENTATION_COMMENTS = YES;
				CLANG_WARN_EMPTY_BODY = YES;
				CLANG_WARN_ENUM_CONVERSION = YES;
				CLANG_WARN_INFINITE_RECURSION = YES;
				CLANG_WARN_INT_CONVERSION = YES;
				CLANG_WARN_NON_LITERAL_NULL_CONVERSION = YES;
				CLANG_WARN_OBJC_IMPLICIT_RETAIN_SELF = YES;
				CLANG_WARN_OBJC_LITERAL_CONVERSION = YES;
				CLANG_WARN_OBJC_ROOT_CLASS = YES_ERROR;
				CLANG_WARN_QUOTED_INCLUDE_IN_FRAMEWORK_HEADER = YES;
				CLANG_WARN_RANGE_LOOP_ANALYSIS = YES;
				CLANG_WARN_STRICT_PROTOTYPES = YES;
				CLANG_WARN_SUSPICIOUS_MOVE = YES;
				CLANG_WARN_UNGUARDED_AVAILABILITY = YES_AGGRESSIVE;
				CLANG_WARN_UNREACHABLE_CODE = YES;
				CLANG_WARN__DUPLICATE_METHOD_MATCH = YES;
				COPY_PHASE_STRIP = NO;
				CURRENT_PROJECT_VERSION = 1;
				DEBUG_INFORMATION_FORMAT = dwarf;
				ENABLE_STRICT_OBJC_MSGSEND = YES;
				ENABLE_TESTABILITY = YES;
				ENABLE_USER_SCRIPT_SANDBOXING = YES;
				GCC_C_LANGUAGE_STANDARD = gnu17;
				GCC_DYNAMIC_NO_PIC = NO;
				GCC_NO_COMMON_BLOCKS = YES;
				GCC_OPTIMIZATION_LEVEL = 0;
				GCC_PREPROCESSOR_DEFINITIONS = (
					"DEBUG=1",
					"$(inherited)",
				);
				GCC_WARN_64_TO_32_BIT_CONVERSION = YES;
				GCC_WARN_ABOUT_RETURN_TYPE = YES_ERROR;
				GCC_WARN_UNDECLARED_SELECTOR = YES;
				GCC_WARN_UNINITIALIZED_AUTOS = YES_AGGRESSIVE;
				GCC_WARN_UNUSED_FUNCTION = YES;
				GCC_WARN_UNUSED_VARIABLE = YES;
				IPHONEOS_DEPLOYMENT_TARGET = 17.0;
				LOCALIZATION_PREFERS_STRING_CATALOGS = YES;
				MTL_ENABLE_DEBUG_INFO = INCLUDE_SOURCE;
				MTL_FAST_MATH = YES;
				ONLY_ACTIVE_ARCH = YES;
				SDKROOT = iphoneos;
				SWIFT_ACTIVE_COMPILATION_CONDITIONS = "DEBUG $(inherited)";
				SWIFT_OPTIMIZATION_LEVEL = "-Onone";
				VERSIONING_SYSTEM = "apple-generic";
				VERSION_INFO_PREFIX = "";
			};
			name = Debug;
		};
		D62651082B3F130A0089A84B /* Release */ = {
			isa = XCBuildConfiguration;
			buildSettings = {
				ALWAYS_SEARCH_USER_PATHS = NO;
				ASSETCATALOG_COMPILER_GENERATE_SWIFT_ASSET_SYMBOL_EXTENSIONS = YES;
				CLANG_ANALYZER_NONNULL = YES;
				CLANG_ANALYZER_NUMBER_OBJECT_CONVERSION = YES_AGGRESSIVE;
				CLANG_CXX_LANGUAGE_STANDARD = "gnu++20";
				CLANG_ENABLE_MODULES = YES;
				CLANG_ENABLE_OBJC_ARC = YES;
				CLANG_ENABLE_OBJC_WEAK = YES;
				CLANG_WARN_BLOCK_CAPTURE_AUTORELEASING = YES;
				CLANG_WARN_BOOL_CONVERSION = YES;
				CLANG_WARN_COMMA = YES;
				CLANG_WARN_CONSTANT_CONVERSION = YES;
				CLANG_WARN_DEPRECATED_OBJC_IMPLEMENTATIONS = YES;
				CLANG_WARN_DIRECT_OBJC_ISA_USAGE = YES_ERROR;
				CLANG_WARN_DOCUMENTATION_COMMENTS = YES;
				CLANG_WARN_EMPTY_BODY = YES;
				CLANG_WARN_ENUM_CONVERSION = YES;
				CLANG_WARN_INFINITE_RECURSION = YES;
				CLANG_WARN_INT_CONVERSION = YES;
				CLANG_WARN_NON_LITERAL_NULL_CONVERSION = YES;
				CLANG_WARN_OBJC_IMPLICIT_RETAIN_SELF = YES;
				CLANG_WARN_OBJC_LITERAL_CONVERSION = YES;
				CLANG_WARN_OBJC_ROOT_CLASS = YES_ERROR;
				CLANG_WARN_QUOTED_INCLUDE_IN_FRAMEWORK_HEADER = YES;
				CLANG_WARN_RANGE_LOOP_ANALYSIS = YES;
				CLANG_WARN_STRICT_PROTOTYPES = YES;
				CLANG_WARN_SUSPICIOUS_MOVE = YES;
				CLANG_WARN_UNGUARDED_AVAILABILITY = YES_AGGRESSIVE;
				CLANG_WARN_UNREACHABLE_CODE = YES;
				CLANG_WARN__DUPLICATE_METHOD_MATCH = YES;
				COPY_PHASE_STRIP = NO;
				CURRENT_PROJECT_VERSION = 1;
				DEBUG_INFORMATION_FORMAT = "dwarf-with-dsym";
				ENABLE_NS_ASSERTIONS = NO;
				ENABLE_STRICT_OBJC_MSGSEND = YES;
				ENABLE_USER_SCRIPT_SANDBOXING = YES;
				GCC_C_LANGUAGE_STANDARD = gnu17;
				GCC_NO_COMMON_BLOCKS = YES;
				GCC_WARN_64_TO_32_BIT_CONVERSION = YES;
				GCC_WARN_ABOUT_RETURN_TYPE = YES_ERROR;
				GCC_WARN_UNDECLARED_SELECTOR = YES;
				GCC_WARN_UNINITIALIZED_AUTOS = YES_AGGRESSIVE;
				GCC_WARN_UNUSED_FUNCTION = YES;
				GCC_WARN_UNUSED_VARIABLE = YES;
				IPHONEOS_DEPLOYMENT_TARGET = 17.0;
				LOCALIZATION_PREFERS_STRING_CATALOGS = YES;
				MTL_ENABLE_DEBUG_INFO = NO;
				MTL_FAST_MATH = YES;
				SDKROOT = iphoneos;
				SWIFT_COMPILATION_MODE = wholemodule;
				VALIDATE_PRODUCT = YES;
				VERSIONING_SYSTEM = "apple-generic";
				VERSION_INFO_PREFIX = "";
			};
			name = Release;
		};
		D626510A2B3F130A0089A84B /* Debug */ = {
			isa = XCBuildConfiguration;
			buildSettings = {
				CLANG_ENABLE_MODULES = YES;
				CODE_SIGN_STYLE = Automatic;
				CURRENT_PROJECT_VERSION = 1;
				DEFINES_MODULE = YES;
				DEVELOPMENT_TEAM = 73N45UT488;
				DYLIB_COMPATIBILITY_VERSION = 1;
				DYLIB_CURRENT_VERSION = 1;
				DYLIB_INSTALL_NAME_BASE = "@rpath";
				ENABLE_MODULE_VERIFIER = YES;
				GENERATE_INFOPLIST_FILE = YES;
				INFOPLIST_KEY_NSHumanReadableCopyright = "";
				INSTALL_PATH = "$(LOCAL_LIBRARY_DIR)/Frameworks";
				IPHONEOS_DEPLOYMENT_TARGET = 16.4;
				LD_RUNPATH_SEARCH_PATHS = (
					"$(inherited)",
					"@executable_path/Frameworks",
					"@loader_path/Frameworks",
				);
				MARKETING_VERSION = 1.0;
				MODULE_VERIFIER_SUPPORTED_LANGUAGES = "objective-c objective-c++";
				MODULE_VERIFIER_SUPPORTED_LANGUAGE_STANDARDS = "gnu17 gnu++20";
				PRODUCT_BUNDLE_IDENTIFIER = com.tomaszkubiak.NavigationKit;
				PRODUCT_NAME = "$(TARGET_NAME:c99extidentifier)";
				SKIP_INSTALL = YES;
				SWIFT_EMIT_LOC_STRINGS = YES;
				SWIFT_OPTIMIZATION_LEVEL = "-Onone";
				SWIFT_VERSION = 5.0;
				TARGETED_DEVICE_FAMILY = "1,2";
			};
			name = Debug;
		};
		D626510B2B3F130A0089A84B /* Release */ = {
			isa = XCBuildConfiguration;
			buildSettings = {
				CLANG_ENABLE_MODULES = YES;
				CODE_SIGN_STYLE = Automatic;
				CURRENT_PROJECT_VERSION = 1;
				DEFINES_MODULE = YES;
				DEVELOPMENT_TEAM = 73N45UT488;
				DYLIB_COMPATIBILITY_VERSION = 1;
				DYLIB_CURRENT_VERSION = 1;
				DYLIB_INSTALL_NAME_BASE = "@rpath";
				ENABLE_MODULE_VERIFIER = YES;
				GENERATE_INFOPLIST_FILE = YES;
				INFOPLIST_KEY_NSHumanReadableCopyright = "";
				INSTALL_PATH = "$(LOCAL_LIBRARY_DIR)/Frameworks";
				IPHONEOS_DEPLOYMENT_TARGET = 16.4;
				LD_RUNPATH_SEARCH_PATHS = (
					"$(inherited)",
					"@executable_path/Frameworks",
					"@loader_path/Frameworks",
				);
				MARKETING_VERSION = 1.0;
				MODULE_VERIFIER_SUPPORTED_LANGUAGES = "objective-c objective-c++";
				MODULE_VERIFIER_SUPPORTED_LANGUAGE_STANDARDS = "gnu17 gnu++20";
				PRODUCT_BUNDLE_IDENTIFIER = com.tomaszkubiak.NavigationKit;
				PRODUCT_NAME = "$(TARGET_NAME:c99extidentifier)";
				SKIP_INSTALL = YES;
				SWIFT_EMIT_LOC_STRINGS = YES;
				SWIFT_VERSION = 5.0;
				TARGETED_DEVICE_FAMILY = "1,2";
			};
			name = Release;
		};
/* End XCBuildConfiguration section */

/* Begin XCConfigurationList section */
		D62650FC2B3F130A0089A84B /* Build configuration list for PBXProject "NavigationKit" */ = {
			isa = XCConfigurationList;
			buildConfigurations = (
				D62651072B3F130A0089A84B /* Debug */,
				D62651082B3F130A0089A84B /* Release */,
			);
			defaultConfigurationIsVisible = 0;
			defaultConfigurationName = Release;
		};
		D62651092B3F130A0089A84B /* Build configuration list for PBXNativeTarget "NavigationKit" */ = {
			isa = XCConfigurationList;
			buildConfigurations = (
				D626510A2B3F130A0089A84B /* Debug */,
				D626510B2B3F130A0089A84B /* Release */,
			);
			defaultConfigurationIsVisible = 0;
			defaultConfigurationName = Release;
		};
/* End XCConfigurationList section */
	};
	rootObject = D62650F92B3F130A0089A84B /* Project object */;
}
